// !$*UTF8*$!
{
	archiveVersion = 1;
	classes = {
	};
	objectVersion = 56;
	objects = {

/* Begin PBXBuildFile section */
		022865352C2D7F7D00F92B05 /* MarkdownUI in Frameworks */ = {isa = PBXBuildFile; productRef = 022865342C2D7F7D00F92B05 /* MarkdownUI */; };
		022865372C2D7F8900F92B05 /* MarkdownUI in Frameworks */ = {isa = PBXBuildFile; productRef = 022865362C2D7F8900F92B05 /* MarkdownUI */; };
		0228653B2C2E269100F92B05 /* Module.swift in Sources */ = {isa = PBXBuildFile; fileRef = 0228653A2C2E269100F92B05 /* Module.swift */; };
		0228653D2C2E26A600F92B05 /* DataModule.swift in Sources */ = {isa = PBXBuildFile; fileRef = 0228653C2C2E26A600F92B05 /* DataModule.swift */; };
		0228653F2C2E26AF00F92B05 /* CommonModule.swift in Sources */ = {isa = PBXBuildFile; fileRef = 0228653E2C2E26AF00F92B05 /* CommonModule.swift */; };
		0230ED162BBDFC8700C067E6 /* Localizable.xcstrings in Resources */ = {isa = PBXBuildFile; fileRef = 0230ED152BBDFC8700C067E6 /* Localizable.xcstrings */; };
		0237CABE2C176C2B00754541 /* AppDelegate.swift in Sources */ = {isa = PBXBuildFile; fileRef = 0237CABD2C176C2B00754541 /* AppDelegate.swift */; };
		023B78722BEAD523009D90B8 /* RegularWindow.swift in Sources */ = {isa = PBXBuildFile; fileRef = 023B78712BEAD523009D90B8 /* RegularWindow.swift */; };
		023B78762BEADD8A009D90B8 /* WindowModifier.swift in Sources */ = {isa = PBXBuildFile; fileRef = 023B78752BEADD8A009D90B8 /* WindowModifier.swift */; };
		024B1F632C18560C00BC6007 /* TemplateService.swift in Sources */ = {isa = PBXBuildFile; fileRef = 024B1F622C18560C00BC6007 /* TemplateService.swift */; };
		024B1F652C18590A00BC6007 /* ChatMessageService.swift in Sources */ = {isa = PBXBuildFile; fileRef = 024B1F642C18590A00BC6007 /* ChatMessageService.swift */; };
		024B1F682C1B469E00BC6007 /* Container.swift in Sources */ = {isa = PBXBuildFile; fileRef = 024B1F672C1B469E00BC6007 /* Container.swift */; };
		025AE6762B8BA51F001489A3 /* GPTSpotmacOSApp.swift in Sources */ = {isa = PBXBuildFile; fileRef = 025AE6752B8BA51F001489A3 /* GPTSpotmacOSApp.swift */; };
		025AE6782B8BA51F001489A3 /* ContentView.swift in Sources */ = {isa = PBXBuildFile; fileRef = 025AE6772B8BA51F001489A3 /* ContentView.swift */; };
		025AE67D2B8BA521001489A3 /* Preview Assets.xcassets in Resources */ = {isa = PBXBuildFile; fileRef = 025AE67C2B8BA521001489A3 /* Preview Assets.xcassets */; };
		025AE6AC2B8BEEB4001489A3 /* ChatView.swift in Sources */ = {isa = PBXBuildFile; fileRef = 025AE6AB2B8BEEB4001489A3 /* ChatView.swift */; };
		026B926C2BE4FE1800BCD0A7 /* GPTSpotiOSApp.swift in Sources */ = {isa = PBXBuildFile; fileRef = 026B926B2BE4FE1800BCD0A7 /* GPTSpotiOSApp.swift */; };
		026B926E2BE4FE1800BCD0A7 /* ContentView.swift in Sources */ = {isa = PBXBuildFile; fileRef = 026B926D2BE4FE1800BCD0A7 /* ContentView.swift */; };
		026B92702BE4FE1800BCD0A7 /* Assets.xcassets in Resources */ = {isa = PBXBuildFile; fileRef = 026B926F2BE4FE1800BCD0A7 /* Assets.xcassets */; };
		026B92732BE4FE1800BCD0A7 /* Preview Assets.xcassets in Resources */ = {isa = PBXBuildFile; fileRef = 026B92722BE4FE1800BCD0A7 /* Preview Assets.xcassets */; };
		026B929C2BE4FED400BCD0A7 /* GPTSpot_Common.docc in Sources */ = {isa = PBXBuildFile; fileRef = 026B929B2BE4FED400BCD0A7 /* GPTSpot_Common.docc */; };
		026B929D2BE4FED400BCD0A7 /* GPTSpot_Common.h in Headers */ = {isa = PBXBuildFile; fileRef = 026B929A2BE4FED400BCD0A7 /* GPTSpot_Common.h */; settings = {ATTRIBUTES = (Public, ); }; };
		026B92A02BE4FED400BCD0A7 /* GPTSpot_Common.framework in Frameworks */ = {isa = PBXBuildFile; fileRef = 026B92982BE4FED400BCD0A7 /* GPTSpot_Common.framework */; };
		026B92A12BE4FED400BCD0A7 /* GPTSpot_Common.framework in Embed Frameworks */ = {isa = PBXBuildFile; fileRef = 026B92982BE4FED400BCD0A7 /* GPTSpot_Common.framework */; settings = {ATTRIBUTES = (CodeSignOnCopy, RemoveHeadersOnCopy, ); }; };
		026B92A82BE4FFAF00BCD0A7 /* GPTSpot_Common.framework in Frameworks */ = {isa = PBXBuildFile; fileRef = 026B92982BE4FED400BCD0A7 /* GPTSpot_Common.framework */; };
		026B92A92BE4FFAF00BCD0A7 /* GPTSpot_Common.framework in Embed Frameworks */ = {isa = PBXBuildFile; fileRef = 026B92982BE4FED400BCD0A7 /* GPTSpot_Common.framework */; settings = {ATTRIBUTES = (CodeSignOnCopy, RemoveHeadersOnCopy, ); }; };
		026B92AD2BE5009000BCD0A7 /* Localizable.xcstrings in Resources */ = {isa = PBXBuildFile; fileRef = 0230ED152BBDFC8700C067E6 /* Localizable.xcstrings */; };
		026B92AF2BE5009D00BCD0A7 /* Localizable.xcstrings in Resources */ = {isa = PBXBuildFile; fileRef = 0230ED152BBDFC8700C067E6 /* Localizable.xcstrings */; };
		026B92C92BE5137100BCD0A7 /* ChatViewService.swift in Sources */ = {isa = PBXBuildFile; fileRef = 025AE6AD2B8BEEC3001489A3 /* ChatViewService.swift */; };
		026B92CA2BE5138100BCD0A7 /* Template.swift in Sources */ = {isa = PBXBuildFile; fileRef = 0288BF652BB3116E0047CA09 /* Template.swift */; };
		026B92CC2BE5138100BCD0A7 /* ChatRequest.swift in Sources */ = {isa = PBXBuildFile; fileRef = 025AE6A72B8BEE51001489A3 /* ChatRequest.swift */; };
		026B92CD2BE5138100BCD0A7 /* ChatMessage.swift in Sources */ = {isa = PBXBuildFile; fileRef = 025C7E202B8D79180060F343 /* ChatMessage.swift */; };
		026B92CE2BE5138100BCD0A7 /* Chunk.swift in Sources */ = {isa = PBXBuildFile; fileRef = 02FE75212BA65A0B0048A4EB /* Chunk.swift */; };
		026B92D02BE5138600BCD0A7 /* GPTModels.swift in Sources */ = {isa = PBXBuildFile; fileRef = 028D48E72BAA41D8005E2FF7 /* GPTModels.swift */; };
		026B92D12BE5138600BCD0A7 /* AIServerDefaultsKeys.swift in Sources */ = {isa = PBXBuildFile; fileRef = 028D48E32BAA40F1005E2FF7 /* AIServerDefaultsKeys.swift */; };
		026B92D22BE5138B00BCD0A7 /* OpenAIService.swift in Sources */ = {isa = PBXBuildFile; fileRef = 025AE6A52B8BEE51001489A3 /* OpenAIService.swift */; };
		026B92D32BE5138B00BCD0A7 /* URLResponse+ErrorCode.swift in Sources */ = {isa = PBXBuildFile; fileRef = 02AB8C932BE42F59006C0853 /* URLResponse+ErrorCode.swift */; };
		026B92DB2BE5176200BCD0A7 /* Previewer.swift in Sources */ = {isa = PBXBuildFile; fileRef = 02A17A212BA60CD000C26A67 /* Previewer.swift */; };
		026B92E32BE51CAD00BCD0A7 /* ChatView.swift in Sources */ = {isa = PBXBuildFile; fileRef = 026B92E22BE51CAD00BCD0A7 /* ChatView.swift */; };
		026B92E42BE51D6C00BCD0A7 /* KeyRecordingView.swift in Sources */ = {isa = PBXBuildFile; fileRef = 0230ED182BBF48FA00C067E6 /* KeyRecordingView.swift */; };
		026B92E52BE51D6C00BCD0A7 /* KeySequence.swift in Sources */ = {isa = PBXBuildFile; fileRef = 0230ED1D2BBF6A9300C067E6 /* KeySequence.swift */; };
		026B92E62BE51D6C00BCD0A7 /* KeyRecordingState.swift in Sources */ = {isa = PBXBuildFile; fileRef = 0230ED1B2BBF6A7900C067E6 /* KeyRecordingState.swift */; };
		026B92E72BE51D6C00BCD0A7 /* KeyCaptureView.swift in Sources */ = {isa = PBXBuildFile; fileRef = 0230ED1F2BBF6CE700C067E6 /* KeyCaptureView.swift */; };
		0288113A2C1516550026ED01 /* ChatCompletion.swift in Sources */ = {isa = PBXBuildFile; fileRef = 028811392C1516550026ED01 /* ChatCompletion.swift */; };
		0288113C2C1531490026ED01 /* ChatRequest+Factory.swift in Sources */ = {isa = PBXBuildFile; fileRef = 0288113B2C1531490026ED01 /* ChatRequest+Factory.swift */; };
		029673D82BB4EC0A0054062F /* CheatSheetView.swift in Sources */ = {isa = PBXBuildFile; fileRef = 029673D72BB4EC0A0054062F /* CheatSheetView.swift */; };
		029673DF2BB8A0B80054062F /* WorkspaceIndicatorView.swift in Sources */ = {isa = PBXBuildFile; fileRef = 029673DE2BB8A0B80054062F /* WorkspaceIndicatorView.swift */; };
		029673E12BB8A4E00054062F /* StatsView.swift in Sources */ = {isa = PBXBuildFile; fileRef = 029673E02BB8A4E00054062F /* StatsView.swift */; };
		029BABCF2BE56914008F8FB0 /* HotkeyAction.swift in Sources */ = {isa = PBXBuildFile; fileRef = 02AAD1BA2B8E7AEA00ED7876 /* HotkeyAction.swift */; };
		029BABD02BE5694D008F8FB0 /* TemplateItemView.swift in Sources */ = {isa = PBXBuildFile; fileRef = 0288BF632BB2D7270047CA09 /* TemplateItemView.swift */; };
		029BABD12BE56950008F8FB0 /* TemplateStripeView.swift in Sources */ = {isa = PBXBuildFile; fileRef = 0288BF612BB2D7180047CA09 /* TemplateStripeView.swift */; };
		029BABD22BE56A24008F8FB0 /* FocusDirection.swift in Sources */ = {isa = PBXBuildFile; fileRef = 029BABCC2BE56891008F8FB0 /* FocusDirection.swift */; };
		029BABD32BE56B09008F8FB0 /* ChatListView.swift in Sources */ = {isa = PBXBuildFile; fileRef = 029673EA2BBD45750054062F /* ChatListView.swift */; };
		029BABD42BE56B09008F8FB0 /* PromptEditor.swift in Sources */ = {isa = PBXBuildFile; fileRef = 026B92B02BE501CB00BCD0A7 /* PromptEditor.swift */; };
		029BABD72BE56BF3008F8FB0 /* String+Clipboard.swift in Sources */ = {isa = PBXBuildFile; fileRef = 029BABD52BE56B53008F8FB0 /* String+Clipboard.swift */; };
		02A17A202BA60AD100C26A67 /* BorderlessWindow.swift in Sources */ = {isa = PBXBuildFile; fileRef = 02A17A1F2BA60AD100C26A67 /* BorderlessWindow.swift */; };
		02A5ED2E2C1324E60037E96D /* WorkspaceListView.swift in Sources */ = {isa = PBXBuildFile; fileRef = 02A5ED2D2C1324E60037E96D /* WorkspaceListView.swift */; };
		02A5ED302C13253C0037E96D /* WorkspaceHomePath.swift in Sources */ = {isa = PBXBuildFile; fileRef = 02A5ED2F2C13253C0037E96D /* WorkspaceHomePath.swift */; };
		02A5ED322C1327900037E96D /* WorkspaceHomeService.swift in Sources */ = {isa = PBXBuildFile; fileRef = 02A5ED312C1327900037E96D /* WorkspaceHomeService.swift */; };
		02A5ED342C132A3D0037E96D /* WorkspaceConfig.swift in Sources */ = {isa = PBXBuildFile; fileRef = 02A5ED332C132A3D0037E96D /* WorkspaceConfig.swift */; };
		02A5ED362C133FDB0037E96D /* ChatListView.swift in Sources */ = {isa = PBXBuildFile; fileRef = 02A5ED352C133FDB0037E96D /* ChatListView.swift */; };
		02AB8C922BE41528006C0853 /* LaunchAtLogin.swift in Sources */ = {isa = PBXBuildFile; fileRef = 02AB8C912BE41528006C0853 /* LaunchAtLogin.swift */; };
		02BA44E52C2EBDB000473575 /* ServiceModule.swift in Sources */ = {isa = PBXBuildFile; fileRef = 02BA44E42C2EBDB000473575 /* ServiceModule.swift */; };
		02BA44E62C2EBE0300473575 /* Container+Shared.swift in Sources */ = {isa = PBXBuildFile; fileRef = 022865402C2E271200F92B05 /* Container+Shared.swift */; };
		02BA44E82C2EBE1500473575 /* Container+Shared.swift in Sources */ = {isa = PBXBuildFile; fileRef = 02BA44E72C2EBE1500473575 /* Container+Shared.swift */; };
		02BA44EA2C2EC1D500473575 /* EnvironmentValues+Keys.swift in Sources */ = {isa = PBXBuildFile; fileRef = 02BA44E92C2EC1D500473575 /* EnvironmentValues+Keys.swift */; };
		02BA44F22C2EC3D900473575 /* EnvironmentValues+Keys.swift in Sources */ = {isa = PBXBuildFile; fileRef = 02BA44F02C2EC3B300473575 /* EnvironmentValues+Keys.swift */; };
		02BA44F42C334B1900473575 /* MarkdownStyleModifier.swift in Sources */ = {isa = PBXBuildFile; fileRef = 02BA44F32C334B1900473575 /* MarkdownStyleModifier.swift */; };
		02BA44F52C334B3000473575 /* MarkdownStyleModifier.swift in Sources */ = {isa = PBXBuildFile; fileRef = 0288BF672BB32DF00047CA09 /* MarkdownStyleModifier.swift */; };
		02BA44F72C334BF500473575 /* ChatListItemView.swift in Sources */ = {isa = PBXBuildFile; fileRef = 02BA44F62C334BF500473575 /* ChatListItemView.swift */; };
		02BA44F82C334C3600473575 /* ChatListItemView.swift in Sources */ = {isa = PBXBuildFile; fileRef = 025C7E222B8D87820060F343 /* ChatListItemView.swift */; };
		02BA44FB2C336C9000473575 /* MarkdownCopyActionStyleModifier.swift in Sources */ = {isa = PBXBuildFile; fileRef = 02BA44F92C3367FD00473575 /* MarkdownCopyActionStyleModifier.swift */; };
		02BA45092C3374A700473575 /* WorkspaceListItemView.swift in Sources */ = {isa = PBXBuildFile; fileRef = 02BA45042C33742700473575 /* WorkspaceListItemView.swift */; };
		02BA450A2C3374AB00473575 /* WorkspaceListView.swift in Sources */ = {isa = PBXBuildFile; fileRef = 02BA45052C33742700473575 /* WorkspaceListView.swift */; };
		02BD90B22BA8E5480047115E /* SpotSettings.swift in Sources */ = {isa = PBXBuildFile; fileRef = 02BD90B12BA8E5480047115E /* SpotSettings.swift */; };
		02E04C432BB1D9F50074A95E /* GlobalHotKeyManager.swift in Sources */ = {isa = PBXBuildFile; fileRef = 02E04C422BB1D9F50074A95E /* GlobalHotKeyManager.swift */; };
		02F8690C2C0A9CEF00961513 /* Assets.xcassets in Resources */ = {isa = PBXBuildFile; fileRef = 025AE6792B8BA520001489A3 /* Assets.xcassets */; };
		02FD0B722BE642660042B60C /* WorkspaceListItemView.swift in Sources */ = {isa = PBXBuildFile; fileRef = 02FD0B712BE642660042B60C /* WorkspaceListItemView.swift */; };
		02FD0B742BE64CD20042B60C /* WorkspaceHomeView.swift in Sources */ = {isa = PBXBuildFile; fileRef = 02FD0B732BE64CD20042B60C /* WorkspaceHomeView.swift */; };
		02FD0B762BE6508E0042B60C /* RoundedCornerModifier.swift in Sources */ = {isa = PBXBuildFile; fileRef = 029673E42BBA21EF0054062F /* RoundedCornerModifier.swift */; };
		02FD0B822BE688120042B60C /* SettingsView.swift in Sources */ = {isa = PBXBuildFile; fileRef = 02FD0B812BE688120042B60C /* SettingsView.swift */; };
		02FD0B862BE688C30042B60C /* GeneralSettingsView.swift in Sources */ = {isa = PBXBuildFile; fileRef = 028D48E02BAA3CC9005E2FF7 /* GeneralSettingsView.swift */; };
		02FD0B872BE6AABA0042B60C /* AIServerSettingsView.swift in Sources */ = {isa = PBXBuildFile; fileRef = 028D48DE2BAA3CBC005E2FF7 /* AIServerSettingsView.swift */; };
		02FD0B8A2BE821AB0042B60C /* Array.swift in Sources */ = {isa = PBXBuildFile; fileRef = 02FD0B892BE821AB0042B60C /* Array.swift */; };
		02FD0B8D2BE8570F0042B60C /* String+Clipboard.swift in Sources */ = {isa = PBXBuildFile; fileRef = 02FD0B8C2BE8570F0042B60C /* String+Clipboard.swift */; };
		02FD0B902BE927D40042B60C /* TemplateList.swift in Sources */ = {isa = PBXBuildFile; fileRef = 02FD0B8F2BE927D40042B60C /* TemplateList.swift */; };
		02FD0B922BE927E20042B60C /* TemplateItemView.swift in Sources */ = {isa = PBXBuildFile; fileRef = 02FD0B912BE927E20042B60C /* TemplateItemView.swift */; };
/* End PBXBuildFile section */

/* Begin PBXContainerItemProxy section */
		026B929E2BE4FED400BCD0A7 /* PBXContainerItemProxy */ = {
			isa = PBXContainerItemProxy;
			containerPortal = 025AE66A2B8BA51F001489A3 /* Project object */;
			proxyType = 1;
			remoteGlobalIDString = 026B92972BE4FED400BCD0A7;
			remoteInfo = "GPTSpot-Common";
		};
		026B92AA2BE4FFAF00BCD0A7 /* PBXContainerItemProxy */ = {
			isa = PBXContainerItemProxy;
			containerPortal = 025AE66A2B8BA51F001489A3 /* Project object */;
			proxyType = 1;
			remoteGlobalIDString = 026B92972BE4FED400BCD0A7;
			remoteInfo = "GPTSpot-Common";
		};
/* End PBXContainerItemProxy section */

/* Begin PBXCopyFilesBuildPhase section */
		026B92A52BE4FED400BCD0A7 /* Embed Frameworks */ = {
			isa = PBXCopyFilesBuildPhase;
			buildActionMask = 2147483647;
			dstPath = "";
			dstSubfolderSpec = 10;
			files = (
				026B92A12BE4FED400BCD0A7 /* GPTSpot_Common.framework in Embed Frameworks */,
			);
			name = "Embed Frameworks";
			runOnlyForDeploymentPostprocessing = 0;
		};
		026B92AC2BE4FFAF00BCD0A7 /* Embed Frameworks */ = {
			isa = PBXCopyFilesBuildPhase;
			buildActionMask = 2147483647;
			dstPath = "";
			dstSubfolderSpec = 10;
			files = (
				026B92A92BE4FFAF00BCD0A7 /* GPTSpot_Common.framework in Embed Frameworks */,
			);
			name = "Embed Frameworks";
			runOnlyForDeploymentPostprocessing = 0;
		};
/* End PBXCopyFilesBuildPhase section */

/* Begin PBXFileReference section */
		0228653A2C2E269100F92B05 /* Module.swift */ = {isa = PBXFileReference; lastKnownFileType = sourcecode.swift; path = Module.swift; sourceTree = "<group>"; };
		0228653C2C2E26A600F92B05 /* DataModule.swift */ = {isa = PBXFileReference; lastKnownFileType = sourcecode.swift; path = DataModule.swift; sourceTree = "<group>"; };
		0228653E2C2E26AF00F92B05 /* CommonModule.swift */ = {isa = PBXFileReference; lastKnownFileType = sourcecode.swift; path = CommonModule.swift; sourceTree = "<group>"; };
		022865402C2E271200F92B05 /* Container+Shared.swift */ = {isa = PBXFileReference; lastKnownFileType = sourcecode.swift; name = "Container+Shared.swift"; path = "GPTSpot-macOs/Dependencies/Container+Shared.swift"; sourceTree = SOURCE_ROOT; };
		0230ED152BBDFC8700C067E6 /* Localizable.xcstrings */ = {isa = PBXFileReference; lastKnownFileType = text.json.xcstrings; path = Localizable.xcstrings; sourceTree = "<group>"; };
		0230ED182BBF48FA00C067E6 /* KeyRecordingView.swift */ = {isa = PBXFileReference; lastKnownFileType = sourcecode.swift; path = KeyRecordingView.swift; sourceTree = "<group>"; };
		0230ED1B2BBF6A7900C067E6 /* KeyRecordingState.swift */ = {isa = PBXFileReference; lastKnownFileType = sourcecode.swift; path = KeyRecordingState.swift; sourceTree = "<group>"; };
		0230ED1D2BBF6A9300C067E6 /* KeySequence.swift */ = {isa = PBXFileReference; lastKnownFileType = sourcecode.swift; path = KeySequence.swift; sourceTree = "<group>"; };
		0230ED1F2BBF6CE700C067E6 /* KeyCaptureView.swift */ = {isa = PBXFileReference; lastKnownFileType = sourcecode.swift; path = KeyCaptureView.swift; sourceTree = "<group>"; };
		0237CABD2C176C2B00754541 /* AppDelegate.swift */ = {isa = PBXFileReference; lastKnownFileType = sourcecode.swift; name = AppDelegate.swift; path = "GPTSpot-macOS/AppDelegate.swift"; sourceTree = SOURCE_ROOT; };
		023B78712BEAD523009D90B8 /* RegularWindow.swift */ = {isa = PBXFileReference; lastKnownFileType = sourcecode.swift; path = RegularWindow.swift; sourceTree = "<group>"; };
		023B78752BEADD8A009D90B8 /* WindowModifier.swift */ = {isa = PBXFileReference; lastKnownFileType = sourcecode.swift; name = WindowModifier.swift; path = "GPTSpot-macOs/Modifiers/WindowModifier.swift"; sourceTree = SOURCE_ROOT; };
		024B1F622C18560C00BC6007 /* TemplateService.swift */ = {isa = PBXFileReference; lastKnownFileType = sourcecode.swift; path = TemplateService.swift; sourceTree = "<group>"; };
		024B1F642C18590A00BC6007 /* ChatMessageService.swift */ = {isa = PBXFileReference; lastKnownFileType = sourcecode.swift; path = ChatMessageService.swift; sourceTree = "<group>"; };
		024B1F672C1B469E00BC6007 /* Container.swift */ = {isa = PBXFileReference; lastKnownFileType = sourcecode.swift; path = Container.swift; sourceTree = "<group>"; };
		025AE6722B8BA51F001489A3 /* GPTSpot-macOS.app */ = {isa = PBXFileReference; explicitFileType = wrapper.application; includeInIndex = 0; path = "GPTSpot-macOS.app"; sourceTree = BUILT_PRODUCTS_DIR; };
		025AE6752B8BA51F001489A3 /* GPTSpotmacOSApp.swift */ = {isa = PBXFileReference; lastKnownFileType = sourcecode.swift; path = GPTSpotmacOSApp.swift; sourceTree = "<group>"; };
		025AE6772B8BA51F001489A3 /* ContentView.swift */ = {isa = PBXFileReference; lastKnownFileType = sourcecode.swift; path = ContentView.swift; sourceTree = "<group>"; };
		025AE6792B8BA520001489A3 /* Assets.xcassets */ = {isa = PBXFileReference; lastKnownFileType = folder.assetcatalog; path = Assets.xcassets; sourceTree = "<group>"; };
		025AE67C2B8BA521001489A3 /* Preview Assets.xcassets */ = {isa = PBXFileReference; lastKnownFileType = folder.assetcatalog; path = "Preview Assets.xcassets"; sourceTree = "<group>"; };
		025AE67E2B8BA521001489A3 /* GPTSpot.entitlements */ = {isa = PBXFileReference; lastKnownFileType = text.plist.entitlements; path = GPTSpot.entitlements; sourceTree = "<group>"; };
		025AE6A52B8BEE51001489A3 /* OpenAIService.swift */ = {isa = PBXFileReference; fileEncoding = 4; lastKnownFileType = sourcecode.swift; path = OpenAIService.swift; sourceTree = "<group>"; };
		025AE6A72B8BEE51001489A3 /* ChatRequest.swift */ = {isa = PBXFileReference; fileEncoding = 4; lastKnownFileType = sourcecode.swift; path = ChatRequest.swift; sourceTree = "<group>"; };
		025AE6AB2B8BEEB4001489A3 /* ChatView.swift */ = {isa = PBXFileReference; lastKnownFileType = sourcecode.swift; path = ChatView.swift; sourceTree = "<group>"; };
		025AE6AD2B8BEEC3001489A3 /* ChatViewService.swift */ = {isa = PBXFileReference; lastKnownFileType = sourcecode.swift; path = ChatViewService.swift; sourceTree = "<group>"; };
		025C7E202B8D79180060F343 /* ChatMessage.swift */ = {isa = PBXFileReference; lastKnownFileType = sourcecode.swift; path = ChatMessage.swift; sourceTree = "<group>"; };
		025C7E222B8D87820060F343 /* ChatListItemView.swift */ = {isa = PBXFileReference; lastKnownFileType = sourcecode.swift; path = ChatListItemView.swift; sourceTree = "<group>"; };
		026B92692BE4FE1800BCD0A7 /* GPTSpot-iOS.app */ = {isa = PBXFileReference; explicitFileType = wrapper.application; includeInIndex = 0; path = "GPTSpot-iOS.app"; sourceTree = BUILT_PRODUCTS_DIR; };
		026B926B2BE4FE1800BCD0A7 /* GPTSpotiOSApp.swift */ = {isa = PBXFileReference; lastKnownFileType = sourcecode.swift; path = GPTSpotiOSApp.swift; sourceTree = "<group>"; };
		026B926D2BE4FE1800BCD0A7 /* ContentView.swift */ = {isa = PBXFileReference; lastKnownFileType = sourcecode.swift; path = ContentView.swift; sourceTree = "<group>"; };
		026B926F2BE4FE1800BCD0A7 /* Assets.xcassets */ = {isa = PBXFileReference; lastKnownFileType = folder.assetcatalog; path = Assets.xcassets; sourceTree = "<group>"; };
		026B92722BE4FE1800BCD0A7 /* Preview Assets.xcassets */ = {isa = PBXFileReference; lastKnownFileType = folder.assetcatalog; path = "Preview Assets.xcassets"; sourceTree = "<group>"; };
		026B92982BE4FED400BCD0A7 /* GPTSpot_Common.framework */ = {isa = PBXFileReference; explicitFileType = wrapper.framework; includeInIndex = 0; path = GPTSpot_Common.framework; sourceTree = BUILT_PRODUCTS_DIR; };
		026B929A2BE4FED400BCD0A7 /* GPTSpot_Common.h */ = {isa = PBXFileReference; lastKnownFileType = sourcecode.c.h; path = GPTSpot_Common.h; sourceTree = "<group>"; };
		026B929B2BE4FED400BCD0A7 /* GPTSpot_Common.docc */ = {isa = PBXFileReference; lastKnownFileType = folder.documentationcatalog; path = GPTSpot_Common.docc; sourceTree = "<group>"; };
		026B92B02BE501CB00BCD0A7 /* PromptEditor.swift */ = {isa = PBXFileReference; lastKnownFileType = sourcecode.swift; path = PromptEditor.swift; sourceTree = "<group>"; };
		026B92E22BE51CAD00BCD0A7 /* ChatView.swift */ = {isa = PBXFileReference; lastKnownFileType = sourcecode.swift; path = ChatView.swift; sourceTree = "<group>"; };
		028811392C1516550026ED01 /* ChatCompletion.swift */ = {isa = PBXFileReference; lastKnownFileType = sourcecode.swift; path = ChatCompletion.swift; sourceTree = "<group>"; };
		0288113B2C1531490026ED01 /* ChatRequest+Factory.swift */ = {isa = PBXFileReference; lastKnownFileType = sourcecode.swift; path = "ChatRequest+Factory.swift"; sourceTree = "<group>"; };
		0288BF612BB2D7180047CA09 /* TemplateStripeView.swift */ = {isa = PBXFileReference; lastKnownFileType = sourcecode.swift; path = TemplateStripeView.swift; sourceTree = "<group>"; };
		0288BF632BB2D7270047CA09 /* TemplateItemView.swift */ = {isa = PBXFileReference; lastKnownFileType = sourcecode.swift; path = TemplateItemView.swift; sourceTree = "<group>"; };
		0288BF652BB3116E0047CA09 /* Template.swift */ = {isa = PBXFileReference; lastKnownFileType = sourcecode.swift; path = Template.swift; sourceTree = "<group>"; };
		0288BF672BB32DF00047CA09 /* MarkdownStyleModifier.swift */ = {isa = PBXFileReference; lastKnownFileType = sourcecode.swift; path = MarkdownStyleModifier.swift; sourceTree = "<group>"; };
		028D48DE2BAA3CBC005E2FF7 /* AIServerSettingsView.swift */ = {isa = PBXFileReference; lastKnownFileType = sourcecode.swift; path = AIServerSettingsView.swift; sourceTree = "<group>"; };
		028D48E02BAA3CC9005E2FF7 /* GeneralSettingsView.swift */ = {isa = PBXFileReference; lastKnownFileType = sourcecode.swift; path = GeneralSettingsView.swift; sourceTree = "<group>"; };
		028D48E32BAA40F1005E2FF7 /* AIServerDefaultsKeys.swift */ = {isa = PBXFileReference; lastKnownFileType = sourcecode.swift; path = AIServerDefaultsKeys.swift; sourceTree = "<group>"; };
		028D48E72BAA41D8005E2FF7 /* GPTModels.swift */ = {isa = PBXFileReference; lastKnownFileType = sourcecode.swift; path = GPTModels.swift; sourceTree = "<group>"; };
		029673D72BB4EC0A0054062F /* CheatSheetView.swift */ = {isa = PBXFileReference; lastKnownFileType = sourcecode.swift; path = CheatSheetView.swift; sourceTree = "<group>"; };
		029673DE2BB8A0B80054062F /* WorkspaceIndicatorView.swift */ = {isa = PBXFileReference; lastKnownFileType = sourcecode.swift; path = WorkspaceIndicatorView.swift; sourceTree = "<group>"; };
		029673E02BB8A4E00054062F /* StatsView.swift */ = {isa = PBXFileReference; lastKnownFileType = sourcecode.swift; path = StatsView.swift; sourceTree = "<group>"; };
		029673E42BBA21EF0054062F /* RoundedCornerModifier.swift */ = {isa = PBXFileReference; lastKnownFileType = sourcecode.swift; path = RoundedCornerModifier.swift; sourceTree = "<group>"; };
		029673EA2BBD45750054062F /* ChatListView.swift */ = {isa = PBXFileReference; lastKnownFileType = sourcecode.swift; path = ChatListView.swift; sourceTree = "<group>"; };
		029BABCC2BE56891008F8FB0 /* FocusDirection.swift */ = {isa = PBXFileReference; fileEncoding = 4; lastKnownFileType = sourcecode.swift; path = FocusDirection.swift; sourceTree = "<group>"; };
		029BABD52BE56B53008F8FB0 /* String+Clipboard.swift */ = {isa = PBXFileReference; lastKnownFileType = sourcecode.swift; name = "String+Clipboard.swift"; path = "GPTSpot-macOS/Extensions/String+Clipboard.swift"; sourceTree = SOURCE_ROOT; };
		02A17A1F2BA60AD100C26A67 /* BorderlessWindow.swift */ = {isa = PBXFileReference; lastKnownFileType = sourcecode.swift; path = BorderlessWindow.swift; sourceTree = "<group>"; };
		02A17A212BA60CD000C26A67 /* Previewer.swift */ = {isa = PBXFileReference; fileEncoding = 4; lastKnownFileType = sourcecode.swift; path = Previewer.swift; sourceTree = "<group>"; };
		02A5ED2D2C1324E60037E96D /* WorkspaceListView.swift */ = {isa = PBXFileReference; lastKnownFileType = sourcecode.swift; path = WorkspaceListView.swift; sourceTree = "<group>"; };
		02A5ED2F2C13253C0037E96D /* WorkspaceHomePath.swift */ = {isa = PBXFileReference; lastKnownFileType = sourcecode.swift; path = WorkspaceHomePath.swift; sourceTree = "<group>"; };
		02A5ED312C1327900037E96D /* WorkspaceHomeService.swift */ = {isa = PBXFileReference; lastKnownFileType = sourcecode.swift; path = WorkspaceHomeService.swift; sourceTree = "<group>"; };
		02A5ED332C132A3D0037E96D /* WorkspaceConfig.swift */ = {isa = PBXFileReference; lastKnownFileType = sourcecode.swift; path = WorkspaceConfig.swift; sourceTree = "<group>"; };
		02A5ED352C133FDB0037E96D /* ChatListView.swift */ = {isa = PBXFileReference; lastKnownFileType = sourcecode.swift; path = ChatListView.swift; sourceTree = "<group>"; };
		02AAD1BA2B8E7AEA00ED7876 /* HotkeyAction.swift */ = {isa = PBXFileReference; lastKnownFileType = sourcecode.swift; path = HotkeyAction.swift; sourceTree = "<group>"; };
		02AB8C912BE41528006C0853 /* LaunchAtLogin.swift */ = {isa = PBXFileReference; lastKnownFileType = sourcecode.swift; path = LaunchAtLogin.swift; sourceTree = "<group>"; };
		02AB8C932BE42F59006C0853 /* URLResponse+ErrorCode.swift */ = {isa = PBXFileReference; lastKnownFileType = sourcecode.swift; path = "URLResponse+ErrorCode.swift"; sourceTree = "<group>"; };
		02BA44E42C2EBDB000473575 /* ServiceModule.swift */ = {isa = PBXFileReference; lastKnownFileType = sourcecode.swift; path = ServiceModule.swift; sourceTree = "<group>"; };
		02BA44E72C2EBE1500473575 /* Container+Shared.swift */ = {isa = PBXFileReference; lastKnownFileType = sourcecode.swift; path = "Container+Shared.swift"; sourceTree = "<group>"; };
		02BA44E92C2EC1D500473575 /* EnvironmentValues+Keys.swift */ = {isa = PBXFileReference; lastKnownFileType = sourcecode.swift; path = "EnvironmentValues+Keys.swift"; sourceTree = "<group>"; };
		02BA44F02C2EC3B300473575 /* EnvironmentValues+Keys.swift */ = {isa = PBXFileReference; lastKnownFileType = sourcecode.swift; name = "EnvironmentValues+Keys.swift"; path = "GPTSpot-macOS/Dependencies/EnvironmentValues+Keys.swift"; sourceTree = SOURCE_ROOT; };
		02BA44F32C334B1900473575 /* MarkdownStyleModifier.swift */ = {isa = PBXFileReference; lastKnownFileType = sourcecode.swift; name = MarkdownStyleModifier.swift; path = "GPTSpot-macOs/Modifiers/MarkdownStyleModifier.swift"; sourceTree = SOURCE_ROOT; };
		02BA44F62C334BF500473575 /* ChatListItemView.swift */ = {isa = PBXFileReference; lastKnownFileType = sourcecode.swift; path = ChatListItemView.swift; sourceTree = "<group>"; };
		02BA44F92C3367FD00473575 /* MarkdownCopyActionStyleModifier.swift */ = {isa = PBXFileReference; lastKnownFileType = sourcecode.swift; name = MarkdownCopyActionStyleModifier.swift; path = "GPTSpot-macOs/Modifiers/MarkdownCopyActionStyleModifier.swift"; sourceTree = SOURCE_ROOT; };
		02BA45042C33742700473575 /* WorkspaceListItemView.swift */ = {isa = PBXFileReference; fileEncoding = 4; lastKnownFileType = sourcecode.swift; name = WorkspaceListItemView.swift; path = "GPTSpot-macOS/Views/Home/Workspace/WorkspaceListItemView.swift"; sourceTree = SOURCE_ROOT; };
		02BA45052C33742700473575 /* WorkspaceListView.swift */ = {isa = PBXFileReference; fileEncoding = 4; lastKnownFileType = sourcecode.swift; name = WorkspaceListView.swift; path = "GPTSpot-macOS/Views/Home/Workspace/WorkspaceListView.swift"; sourceTree = SOURCE_ROOT; };
		02BD90B12BA8E5480047115E /* SpotSettings.swift */ = {isa = PBXFileReference; lastKnownFileType = sourcecode.swift; path = SpotSettings.swift; sourceTree = "<group>"; };
		02E04C422BB1D9F50074A95E /* GlobalHotKeyManager.swift */ = {isa = PBXFileReference; lastKnownFileType = sourcecode.swift; path = GlobalHotKeyManager.swift; sourceTree = "<group>"; };
		02FD0B712BE642660042B60C /* WorkspaceListItemView.swift */ = {isa = PBXFileReference; lastKnownFileType = sourcecode.swift; path = WorkspaceListItemView.swift; sourceTree = "<group>"; };
		02FD0B732BE64CD20042B60C /* WorkspaceHomeView.swift */ = {isa = PBXFileReference; lastKnownFileType = sourcecode.swift; path = WorkspaceHomeView.swift; sourceTree = "<group>"; };
		02FD0B812BE688120042B60C /* SettingsView.swift */ = {isa = PBXFileReference; lastKnownFileType = sourcecode.swift; path = SettingsView.swift; sourceTree = "<group>"; };
		02FD0B892BE821AB0042B60C /* Array.swift */ = {isa = PBXFileReference; lastKnownFileType = sourcecode.swift; path = Array.swift; sourceTree = "<group>"; };
		02FD0B8C2BE8570F0042B60C /* String+Clipboard.swift */ = {isa = PBXFileReference; lastKnownFileType = sourcecode.swift; path = "String+Clipboard.swift"; sourceTree = "<group>"; };
		02FD0B8F2BE927D40042B60C /* TemplateList.swift */ = {isa = PBXFileReference; lastKnownFileType = sourcecode.swift; path = TemplateList.swift; sourceTree = "<group>"; };
		02FD0B912BE927E20042B60C /* TemplateItemView.swift */ = {isa = PBXFileReference; lastKnownFileType = sourcecode.swift; path = TemplateItemView.swift; sourceTree = "<group>"; };
		02FE75212BA65A0B0048A4EB /* Chunk.swift */ = {isa = PBXFileReference; lastKnownFileType = sourcecode.swift; path = Chunk.swift; sourceTree = "<group>"; };
/* End PBXFileReference section */

/* Begin PBXFrameworksBuildPhase section */
		025AE66F2B8BA51F001489A3 /* Frameworks */ = {
			isa = PBXFrameworksBuildPhase;
			buildActionMask = 2147483647;
			files = (
				026B92A02BE4FED400BCD0A7 /* GPTSpot_Common.framework in Frameworks */,
				022865352C2D7F7D00F92B05 /* MarkdownUI in Frameworks */,
			);
			runOnlyForDeploymentPostprocessing = 0;
		};
		026B92662BE4FE1800BCD0A7 /* Frameworks */ = {
			isa = PBXFrameworksBuildPhase;
			buildActionMask = 2147483647;
			files = (
				026B92A82BE4FFAF00BCD0A7 /* GPTSpot_Common.framework in Frameworks */,
				022865372C2D7F8900F92B05 /* MarkdownUI in Frameworks */,
			);
			runOnlyForDeploymentPostprocessing = 0;
		};
		026B92952BE4FED400BCD0A7 /* Frameworks */ = {
			isa = PBXFrameworksBuildPhase;
			buildActionMask = 2147483647;
			files = (
			);
			runOnlyForDeploymentPostprocessing = 0;
		};
/* End PBXFrameworksBuildPhase section */

/* Begin PBXGroup section */
		0230ED172BBE178F00C067E6 /* Modifiers */ = {
			isa = PBXGroup;
			children = (
				029673E42BBA21EF0054062F /* RoundedCornerModifier.swift */,
			);
			path = Modifiers;
			sourceTree = "<group>";
		};
		0230ED1A2BBF6A6200C067E6 /* KeyCapture */ = {
			isa = PBXGroup;
			children = (
				0230ED182BBF48FA00C067E6 /* KeyRecordingView.swift */,
				0230ED1B2BBF6A7900C067E6 /* KeyRecordingState.swift */,
				0230ED1D2BBF6A9300C067E6 /* KeySequence.swift */,
				0230ED1F2BBF6CE700C067E6 /* KeyCaptureView.swift */,
			);
			path = KeyCapture;
			sourceTree = "<group>";
		};
		023B78732BEADB4B009D90B8 /* Window */ = {
			isa = PBXGroup;
			children = (
				02AB8C912BE41528006C0853 /* LaunchAtLogin.swift */,
				02E04C422BB1D9F50074A95E /* GlobalHotKeyManager.swift */,
				023B78712BEAD523009D90B8 /* RegularWindow.swift */,
				02A17A1F2BA60AD100C26A67 /* BorderlessWindow.swift */,
			);
			path = Window;
			sourceTree = "<group>";
		};
		024B1F662C1B468300BC6007 /* Dependencies */ = {
			isa = PBXGroup;
			children = (
				024B1F672C1B469E00BC6007 /* Container.swift */,
				0228653A2C2E269100F92B05 /* Module.swift */,
				0228653C2C2E26A600F92B05 /* DataModule.swift */,
				0228653E2C2E26AF00F92B05 /* CommonModule.swift */,
			);
			path = Dependencies;
			sourceTree = "<group>";
		};
		025AE6692B8BA51F001489A3 = {
			isa = PBXGroup;
			children = (
				02C491632BA71DA800EDB446 /* Frameworks */,
				026B92992BE4FED400BCD0A7 /* GPTSpot-Common */,
				026B926A2BE4FE1800BCD0A7 /* GPTSpot-iOS */,
				025AE6742B8BA51F001489A3 /* GPTSpot-macOs */,
				025AE6732B8BA51F001489A3 /* Products */,
			);
			sourceTree = "<group>";
		};
		025AE6732B8BA51F001489A3 /* Products */ = {
			isa = PBXGroup;
			children = (
				025AE6722B8BA51F001489A3 /* GPTSpot-macOS.app */,
				026B92692BE4FE1800BCD0A7 /* GPTSpot-iOS.app */,
				026B92982BE4FED400BCD0A7 /* GPTSpot_Common.framework */,
			);
			name = Products;
			sourceTree = "<group>";
		};
		025AE6742B8BA51F001489A3 /* GPTSpot-macOs */ = {
			isa = PBXGroup;
			children = (
				025AE67E2B8BA521001489A3 /* GPTSpot.entitlements */,
				0237CABD2C176C2B00754541 /* AppDelegate.swift */,
				025AE6752B8BA51F001489A3 /* GPTSpotmacOSApp.swift */,
				025AE6792B8BA520001489A3 /* Assets.xcassets */,
				02BA44EB2C2EC35500473575 /* Dependencies */,
				026B92E82BE51DA600BCD0A7 /* Extensions */,
				02BA44FC2C336E0700473575 /* Modifiers */,
				025AE67B2B8BA521001489A3 /* Preview Content */,
				025C7E1D2B8D77CC0060F343 /* Views */,
				023B78732BEADB4B009D90B8 /* Window */,
			);
			path = "GPTSpot-macOs";
			sourceTree = "<group>";
		};
		025AE67B2B8BA521001489A3 /* Preview Content */ = {
			isa = PBXGroup;
			children = (
				025AE67C2B8BA521001489A3 /* Preview Assets.xcassets */,
			);
			path = "Preview Content";
			sourceTree = "<group>";
		};
		025C7E1B2B8D779B0060F343 /* Models */ = {
			isa = PBXGroup;
			children = (
				025AE6A72B8BEE51001489A3 /* ChatRequest.swift */,
				025C7E202B8D79180060F343 /* ChatMessage.swift */,
				02FE75212BA65A0B0048A4EB /* Chunk.swift */,
				0288BF652BB3116E0047CA09 /* Template.swift */,
				028811392C1516550026ED01 /* ChatCompletion.swift */,
			);
			path = Models;
			sourceTree = "<group>";
		};
		025C7E1C2B8D77AF0060F343 /* Services */ = {
			isa = PBXGroup;
			children = (
				025AE6AD2B8BEEC3001489A3 /* ChatViewService.swift */,
				025AE6A52B8BEE51001489A3 /* OpenAIService.swift */,
				02AB8C932BE42F59006C0853 /* URLResponse+ErrorCode.swift */,
				0288113B2C1531490026ED01 /* ChatRequest+Factory.swift */,
				024B1F622C18560C00BC6007 /* TemplateService.swift */,
				024B1F642C18590A00BC6007 /* ChatMessageService.swift */,
			);
			path = Services;
			sourceTree = "<group>";
		};
		025C7E1D2B8D77CC0060F343 /* Views */ = {
			isa = PBXGroup;
			children = (
				025AE6772B8BA51F001489A3 /* ContentView.swift */,
				025C7E1E2B8D77D00060F343 /* Home */,
				02BA45002C33728700473575 /* Components */,
				0230ED1A2BBF6A6200C067E6 /* KeyCapture */,
				028D48DB2BAA3C8E005E2FF7 /* Settings */,
				0288BF602BB2D6C20047CA09 /* Templates */,
			);
			path = Views;
			sourceTree = "<group>";
		};
		025C7E1E2B8D77D00060F343 /* Home */ = {
			isa = PBXGroup;
			children = (
				02BA45082C33743C00473575 /* Chat */,
				02BA45032C33740000473575 /* Info */,
				02BA45012C3373C900473575 /* Workspace */,
				026B92B02BE501CB00BCD0A7 /* PromptEditor.swift */,
			);
			path = Home;
			sourceTree = "<group>";
		};
		026B926A2BE4FE1800BCD0A7 /* GPTSpot-iOS */ = {
			isa = PBXGroup;
			children = (
				026B926B2BE4FE1800BCD0A7 /* GPTSpotiOSApp.swift */,
				026B926F2BE4FE1800BCD0A7 /* Assets.xcassets */,
				02BA44E32C2EBD9700473575 /* Dependencies */,
				02FD0B8B2BE857040042B60C /* Extensions */,
				02BA44FD2C3371A200473575 /* Modifiers */,
				026B92712BE4FE1800BCD0A7 /* Preview Content */,
				02FD0B702BE642370042B60C /* Views */,
			);
			path = "GPTSpot-iOS";
			sourceTree = "<group>";
		};
		026B92712BE4FE1800BCD0A7 /* Preview Content */ = {
			isa = PBXGroup;
			children = (
				026B92722BE4FE1800BCD0A7 /* Preview Assets.xcassets */,
			);
			path = "Preview Content";
			sourceTree = "<group>";
		};
		026B92992BE4FED400BCD0A7 /* GPTSpot-Common */ = {
			isa = PBXGroup;
			children = (
				026B929B2BE4FED400BCD0A7 /* GPTSpot_Common.docc */,
				026B929A2BE4FED400BCD0A7 /* GPTSpot_Common.h */,
				0230ED152BBDFC8700C067E6 /* Localizable.xcstrings */,
				028D48E22BAA40C3005E2FF7 /* Defaults */,
				024B1F662C1B468300BC6007 /* Dependencies */,
				02FD0B882BE821650042B60C /* Extensions */,
				025C7E1B2B8D779B0060F343 /* Models */,
				0230ED172BBE178F00C067E6 /* Modifiers */,
				025C7E1C2B8D77AF0060F343 /* Services */,
				026B92B22BE5121400BCD0A7 /* Views */,
			);
			path = "GPTSpot-Common";
			sourceTree = "<group>";
		};
		026B92B22BE5121400BCD0A7 /* Views */ = {
			isa = PBXGroup;
			children = (
				02A17A212BA60CD000C26A67 /* Previewer.swift */,
			);
			path = Views;
			sourceTree = "<group>";
		};
		026B92E82BE51DA600BCD0A7 /* Extensions */ = {
			isa = PBXGroup;
			children = (
				029BABD52BE56B53008F8FB0 /* String+Clipboard.swift */,
			);
			path = Extensions;
			sourceTree = "<group>";
		};
		0288BF602BB2D6C20047CA09 /* Templates */ = {
			isa = PBXGroup;
			children = (
				0288BF612BB2D7180047CA09 /* TemplateStripeView.swift */,
				0288BF632BB2D7270047CA09 /* TemplateItemView.swift */,
			);
			path = Templates;
			sourceTree = "<group>";
		};
		028D48DB2BAA3C8E005E2FF7 /* Settings */ = {
			isa = PBXGroup;
			children = (
				028D48DE2BAA3CBC005E2FF7 /* AIServerSettingsView.swift */,
				028D48E02BAA3CC9005E2FF7 /* GeneralSettingsView.swift */,
				02BD90B12BA8E5480047115E /* SpotSettings.swift */,
			);
			path = Settings;
			sourceTree = "<group>";
		};
		028D48E22BAA40C3005E2FF7 /* Defaults */ = {
			isa = PBXGroup;
			children = (
				028D48E32BAA40F1005E2FF7 /* AIServerDefaultsKeys.swift */,
				028D48E72BAA41D8005E2FF7 /* GPTModels.swift */,
				02A5ED332C132A3D0037E96D /* WorkspaceConfig.swift */,
			);
			path = Defaults;
			sourceTree = "<group>";
		};
		02BA44E32C2EBD9700473575 /* Dependencies */ = {
			isa = PBXGroup;
			children = (
				02BA44E72C2EBE1500473575 /* Container+Shared.swift */,
				02BA44E92C2EC1D500473575 /* EnvironmentValues+Keys.swift */,
				02BA44E42C2EBDB000473575 /* ServiceModule.swift */,
			);
			path = Dependencies;
			sourceTree = "<group>";
		};
		02BA44EB2C2EC35500473575 /* Dependencies */ = {
			isa = PBXGroup;
			children = (
				022865402C2E271200F92B05 /* Container+Shared.swift */,
				02BA44F02C2EC3B300473575 /* EnvironmentValues+Keys.swift */,
			);
			path = Dependencies;
			sourceTree = "<group>";
		};
		02BA44FC2C336E0700473575 /* Modifiers */ = {
			isa = PBXGroup;
			children = (
				023B78752BEADD8A009D90B8 /* WindowModifier.swift */,
				02BA44F32C334B1900473575 /* MarkdownStyleModifier.swift */,
				02BA44F92C3367FD00473575 /* MarkdownCopyActionStyleModifier.swift */,
			);
			path = Modifiers;
			sourceTree = "<group>";
		};
		02BA44FD2C3371A200473575 /* Modifiers */ = {
			isa = PBXGroup;
			children = (
				0288BF672BB32DF00047CA09 /* MarkdownStyleModifier.swift */,
			);
			path = Modifiers;
			sourceTree = "<group>";
		};
		02BA44FE2C33723E00473575 /* Settings */ = {
			isa = PBXGroup;
			children = (
				02FD0B812BE688120042B60C /* SettingsView.swift */,
			);
			path = Settings;
			sourceTree = "<group>";
		};
		02BA45002C33728700473575 /* Components */ = {
			isa = PBXGroup;
			children = (
				029BABCC2BE56891008F8FB0 /* FocusDirection.swift */,
				02AAD1BA2B8E7AEA00ED7876 /* HotkeyAction.swift */,
			);
			path = Components;
			sourceTree = "<group>";
		};
		02BA45012C3373C900473575 /* Workspace */ = {
			isa = PBXGroup;
			children = (
				029673DE2BB8A0B80054062F /* WorkspaceIndicatorView.swift */,
				02BA45042C33742700473575 /* WorkspaceListItemView.swift */,
				02BA45052C33742700473575 /* WorkspaceListView.swift */,
			);
			path = Workspace;
			sourceTree = "<group>";
		};
		02BA45032C33740000473575 /* Info */ = {
			isa = PBXGroup;
			children = (
				029673D72BB4EC0A0054062F /* CheatSheetView.swift */,
				029673E02BB8A4E00054062F /* StatsView.swift */,
			);
			path = Info;
			sourceTree = "<group>";
		};
		02BA45082C33743C00473575 /* Chat */ = {
			isa = PBXGroup;
			children = (
				025C7E222B8D87820060F343 /* ChatListItemView.swift */,
				029673EA2BBD45750054062F /* ChatListView.swift */,
				025AE6AB2B8BEEB4001489A3 /* ChatView.swift */,
			);
			path = Chat;
			sourceTree = "<group>";
		};
		02C491632BA71DA800EDB446 /* Frameworks */ = {
			isa = PBXGroup;
			children = (
			);
			name = Frameworks;
			sourceTree = "<group>";
		};
		02FD0B6F2BE642240042B60C /* Chat */ = {
			isa = PBXGroup;
			children = (
				026B92E22BE51CAD00BCD0A7 /* ChatView.swift */,
				02A5ED352C133FDB0037E96D /* ChatListView.swift */,
				02BA44F62C334BF500473575 /* ChatListItemView.swift */,
			);
			path = Chat;
			sourceTree = "<group>";
		};
		02FD0B702BE642370042B60C /* Views */ = {
			isa = PBXGroup;
			children = (
				026B926D2BE4FE1800BCD0A7 /* ContentView.swift */,
				02FD0B6F2BE642240042B60C /* Chat */,
				02FD0B752BE64DFA0042B60C /* List */,
				02BA44FE2C33723E00473575 /* Settings */,
				02FD0B8E2BE927C30042B60C /* Templates */,
			);
			path = Views;
			sourceTree = "<group>";
		};
		02FD0B752BE64DFA0042B60C /* List */ = {
			isa = PBXGroup;
			children = (
				02A5ED2F2C13253C0037E96D /* WorkspaceHomePath.swift */,
				02A5ED312C1327900037E96D /* WorkspaceHomeService.swift */,
				02FD0B732BE64CD20042B60C /* WorkspaceHomeView.swift */,
				02FD0B712BE642660042B60C /* WorkspaceListItemView.swift */,
				02A5ED2D2C1324E60037E96D /* WorkspaceListView.swift */,
			);
			path = List;
			sourceTree = "<group>";
		};
		02FD0B882BE821650042B60C /* Extensions */ = {
			isa = PBXGroup;
			children = (
				02FD0B892BE821AB0042B60C /* Array.swift */,
			);
			path = Extensions;
			sourceTree = "<group>";
		};
		02FD0B8B2BE857040042B60C /* Extensions */ = {
			isa = PBXGroup;
			children = (
				02FD0B8C2BE8570F0042B60C /* String+Clipboard.swift */,
			);
			path = Extensions;
			sourceTree = "<group>";
		};
		02FD0B8E2BE927C30042B60C /* Templates */ = {
			isa = PBXGroup;
			children = (
				02FD0B8F2BE927D40042B60C /* TemplateList.swift */,
				02FD0B912BE927E20042B60C /* TemplateItemView.swift */,
			);
			path = Templates;
			sourceTree = "<group>";
		};
/* End PBXGroup section */

/* Begin PBXHeadersBuildPhase section */
		026B92932BE4FED400BCD0A7 /* Headers */ = {
			isa = PBXHeadersBuildPhase;
			buildActionMask = 2147483647;
			files = (
				026B929D2BE4FED400BCD0A7 /* GPTSpot_Common.h in Headers */,
			);
			runOnlyForDeploymentPostprocessing = 0;
		};
/* End PBXHeadersBuildPhase section */

/* Begin PBXNativeTarget section */
		025AE6712B8BA51F001489A3 /* GPTSpot-macOS */ = {
			isa = PBXNativeTarget;
			buildConfigurationList = 025AE6972B8BA521001489A3 /* Build configuration list for PBXNativeTarget "GPTSpot-macOS" */;
			buildPhases = (
				025AE66E2B8BA51F001489A3 /* Sources */,
				025AE66F2B8BA51F001489A3 /* Frameworks */,
				025AE6702B8BA51F001489A3 /* Resources */,
				026B92A52BE4FED400BCD0A7 /* Embed Frameworks */,
				029BABDA2BE5AB96008F8FB0 /* ShellScript */,
			);
			buildRules = (
			);
			dependencies = (
				029BABDC2BE5AC39008F8FB0 /* PBXTargetDependency */,
				026B929F2BE4FED400BCD0A7 /* PBXTargetDependency */,
			);
			name = "GPTSpot-macOS";
			packageProductDependencies = (
				022865342C2D7F7D00F92B05 /* MarkdownUI */,
			);
			productName = GPTSpot;
			productReference = 025AE6722B8BA51F001489A3 /* GPTSpot-macOS.app */;
			productType = "com.apple.product-type.application";
		};
		026B92682BE4FE1800BCD0A7 /* GPTSpot-iOS */ = {
			isa = PBXNativeTarget;
			buildConfigurationList = 026B928A2BE4FE1900BCD0A7 /* Build configuration list for PBXNativeTarget "GPTSpot-iOS" */;
			buildPhases = (
				026B92652BE4FE1800BCD0A7 /* Sources */,
				026B92662BE4FE1800BCD0A7 /* Frameworks */,
				026B92672BE4FE1800BCD0A7 /* Resources */,
				026B92AC2BE4FFAF00BCD0A7 /* Embed Frameworks */,
				02FD0B6A2BE5B7C40042B60C /* ShellScript */,
			);
			buildRules = (
			);
			dependencies = (
				026B92AB2BE4FFAF00BCD0A7 /* PBXTargetDependency */,
			);
			name = "GPTSpot-iOS";
			packageProductDependencies = (
				022865362C2D7F8900F92B05 /* MarkdownUI */,
			);
			productName = "GPTSpot-iOS";
			productReference = 026B92692BE4FE1800BCD0A7 /* GPTSpot-iOS.app */;
			productType = "com.apple.product-type.application";
		};
		026B92972BE4FED400BCD0A7 /* GPTSpot-Common */ = {
			isa = PBXNativeTarget;
			buildConfigurationList = 026B92A22BE4FED400BCD0A7 /* Build configuration list for PBXNativeTarget "GPTSpot-Common" */;
			buildPhases = (
				026B92932BE4FED400BCD0A7 /* Headers */,
				026B92942BE4FED400BCD0A7 /* Sources */,
				026B92952BE4FED400BCD0A7 /* Frameworks */,
				026B92962BE4FED400BCD0A7 /* Resources */,
			);
			buildRules = (
			);
			dependencies = (
			);
			name = "GPTSpot-Common";
			packageProductDependencies = (
			);
			productName = "GPTSpot-Common";
			productReference = 026B92982BE4FED400BCD0A7 /* GPTSpot_Common.framework */;
			productType = "com.apple.product-type.framework";
		};
/* End PBXNativeTarget section */

/* Begin PBXProject section */
		025AE66A2B8BA51F001489A3 /* Project object */ = {
			isa = PBXProject;
			attributes = {
				BuildIndependentTargetsInParallel = 1;
				LastSwiftUpdateCheck = 1530;
				LastUpgradeCheck = 1530;
				TargetAttributes = {
					025AE6712B8BA51F001489A3 = {
						CreatedOnToolsVersion = 15.2;
					};
					026B92682BE4FE1800BCD0A7 = {
						CreatedOnToolsVersion = 15.3;
					};
					026B92972BE4FED400BCD0A7 = {
						CreatedOnToolsVersion = 15.3;
					};
				};
			};
			buildConfigurationList = 025AE66D2B8BA51F001489A3 /* Build configuration list for PBXProject "GPTSpot" */;
			compatibilityVersion = "Xcode 14.0";
			developmentRegion = en;
			hasScannedForEncodings = 0;
			knownRegions = (
				en,
				Base,
			);
			mainGroup = 025AE6692B8BA51F001489A3;
			packageReferences = (
				029BABD92BE5AB5C008F8FB0 /* XCRemoteSwiftPackageReference "SwiftLint" */,
				022865332C2D7F7D00F92B05 /* XCRemoteSwiftPackageReference "swift-markdown-ui" */,
			);
			productRefGroup = 025AE6732B8BA51F001489A3 /* Products */;
			projectDirPath = "";
			projectRoot = "";
			targets = (
				025AE6712B8BA51F001489A3 /* GPTSpot-macOS */,
				026B92682BE4FE1800BCD0A7 /* GPTSpot-iOS */,
				026B92972BE4FED400BCD0A7 /* GPTSpot-Common */,
			);
		};
/* End PBXProject section */

/* Begin PBXResourcesBuildPhase section */
		025AE6702B8BA51F001489A3 /* Resources */ = {
			isa = PBXResourcesBuildPhase;
			buildActionMask = 2147483647;
			files = (
				025AE67D2B8BA521001489A3 /* Preview Assets.xcassets in Resources */,
				02F8690C2C0A9CEF00961513 /* Assets.xcassets in Resources */,
				0230ED162BBDFC8700C067E6 /* Localizable.xcstrings in Resources */,
			);
			runOnlyForDeploymentPostprocessing = 0;
		};
		026B92672BE4FE1800BCD0A7 /* Resources */ = {
			isa = PBXResourcesBuildPhase;
			buildActionMask = 2147483647;
			files = (
				026B92732BE4FE1800BCD0A7 /* Preview Assets.xcassets in Resources */,
				026B92702BE4FE1800BCD0A7 /* Assets.xcassets in Resources */,
				026B92AD2BE5009000BCD0A7 /* Localizable.xcstrings in Resources */,
			);
			runOnlyForDeploymentPostprocessing = 0;
		};
		026B92962BE4FED400BCD0A7 /* Resources */ = {
			isa = PBXResourcesBuildPhase;
			buildActionMask = 2147483647;
			files = (
				026B92AF2BE5009D00BCD0A7 /* Localizable.xcstrings in Resources */,
			);
			runOnlyForDeploymentPostprocessing = 0;
		};
/* End PBXResourcesBuildPhase section */

/* Begin PBXShellScriptBuildPhase section */
		029BABDA2BE5AB96008F8FB0 /* ShellScript */ = {
			isa = PBXShellScriptBuildPhase;
			alwaysOutOfDate = 1;
			buildActionMask = 2147483647;
			files = (
			);
			inputFileListPaths = (
			);
			inputPaths = (
			);
			outputFileListPaths = (
			);
			outputPaths = (
			);
			runOnlyForDeploymentPostprocessing = 0;
			shellPath = /bin/sh;
			shellScript = "if [[ \"$(uname -m)\" == arm64 ]]; then\n    export PATH=\"/opt/homebrew/bin:$PATH\"\nfi\n\nif which swiftlint >/dev/null; then\n    swiftlint\nelse\n    echo \"warning: SwiftLint not installed, download from https://github.com/realm/SwiftLint\"\nfi\n";
		};
		02FD0B6A2BE5B7C40042B60C /* ShellScript */ = {
			isa = PBXShellScriptBuildPhase;
			alwaysOutOfDate = 1;
			buildActionMask = 2147483647;
			files = (
			);
			inputFileListPaths = (
			);
			inputPaths = (
			);
			outputFileListPaths = (
			);
			outputPaths = (
			);
			runOnlyForDeploymentPostprocessing = 0;
			shellPath = /bin/sh;
			shellScript = "if [[ \"$(uname -m)\" == arm64 ]]; then\n    export PATH=\"/opt/homebrew/bin:$PATH\"\nfi\n\nif which swiftlint >/dev/null; then\n    swiftlint\nelse\n    echo \"warning: SwiftLint not installed, download from https://github.com/realm/SwiftLint\"\nfi\n";
		};
/* End PBXShellScriptBuildPhase section */

/* Begin PBXSourcesBuildPhase section */
		025AE66E2B8BA51F001489A3 /* Sources */ = {
			isa = PBXSourcesBuildPhase;
			buildActionMask = 2147483647;
			files = (
				02BA44E62C2EBE0300473575 /* Container+Shared.swift in Sources */,
				02A17A202BA60AD100C26A67 /* BorderlessWindow.swift in Sources */,
				02BD90B22BA8E5480047115E /* SpotSettings.swift in Sources */,
				02BA44F42C334B1900473575 /* MarkdownStyleModifier.swift in Sources */,
				02E04C432BB1D9F50074A95E /* GlobalHotKeyManager.swift in Sources */,
				025AE6782B8BA51F001489A3 /* ContentView.swift in Sources */,
				02FD0B862BE688C30042B60C /* GeneralSettingsView.swift in Sources */,
				029673DF2BB8A0B80054062F /* WorkspaceIndicatorView.swift in Sources */,
				023B78722BEAD523009D90B8 /* RegularWindow.swift in Sources */,
				02BA450A2C3374AB00473575 /* WorkspaceListView.swift in Sources */,
				029BABD12BE56950008F8FB0 /* TemplateStripeView.swift in Sources */,
				029673E12BB8A4E00054062F /* StatsView.swift in Sources */,
				02BA45092C3374A700473575 /* WorkspaceListItemView.swift in Sources */,
				02BA44FB2C336C9000473575 /* MarkdownCopyActionStyleModifier.swift in Sources */,
				029673D82BB4EC0A0054062F /* CheatSheetView.swift in Sources */,
				02FD0B872BE6AABA0042B60C /* AIServerSettingsView.swift in Sources */,
				02BA44F22C2EC3D900473575 /* EnvironmentValues+Keys.swift in Sources */,
				029BABCF2BE56914008F8FB0 /* HotkeyAction.swift in Sources */,
				02BA44F82C334C3600473575 /* ChatListItemView.swift in Sources */,
				029BABD32BE56B09008F8FB0 /* ChatListView.swift in Sources */,
				02AB8C922BE41528006C0853 /* LaunchAtLogin.swift in Sources */,
				029BABD42BE56B09008F8FB0 /* PromptEditor.swift in Sources */,
				023B78762BEADD8A009D90B8 /* WindowModifier.swift in Sources */,
				0237CABE2C176C2B00754541 /* AppDelegate.swift in Sources */,
				025AE6762B8BA51F001489A3 /* GPTSpotmacOSApp.swift in Sources */,
				025AE6AC2B8BEEB4001489A3 /* ChatView.swift in Sources */,
				026B92E42BE51D6C00BCD0A7 /* KeyRecordingView.swift in Sources */,
				029BABD02BE5694D008F8FB0 /* TemplateItemView.swift in Sources */,
				026B92E52BE51D6C00BCD0A7 /* KeySequence.swift in Sources */,
				029BABD22BE56A24008F8FB0 /* FocusDirection.swift in Sources */,
				029BABD72BE56BF3008F8FB0 /* String+Clipboard.swift in Sources */,
				026B92E62BE51D6C00BCD0A7 /* KeyRecordingState.swift in Sources */,
				026B92E72BE51D6C00BCD0A7 /* KeyCaptureView.swift in Sources */,
			);
			runOnlyForDeploymentPostprocessing = 0;
		};
		026B92652BE4FE1800BCD0A7 /* Sources */ = {
			isa = PBXSourcesBuildPhase;
			buildActionMask = 2147483647;
			files = (
				02BA44F72C334BF500473575 /* ChatListItemView.swift in Sources */,
				02FD0B722BE642660042B60C /* WorkspaceListItemView.swift in Sources */,
				02A5ED302C13253C0037E96D /* WorkspaceHomePath.swift in Sources */,
				02BA44E82C2EBE1500473575 /* Container+Shared.swift in Sources */,
				02BA44EA2C2EC1D500473575 /* EnvironmentValues+Keys.swift in Sources */,
				026B926E2BE4FE1800BCD0A7 /* ContentView.swift in Sources */,
				02BA44F52C334B3000473575 /* MarkdownStyleModifier.swift in Sources */,
				026B92E32BE51CAD00BCD0A7 /* ChatView.swift in Sources */,
				02A5ED2E2C1324E60037E96D /* WorkspaceListView.swift in Sources */,
				02FD0B822BE688120042B60C /* SettingsView.swift in Sources */,
				02A5ED322C1327900037E96D /* WorkspaceHomeService.swift in Sources */,
				02FD0B922BE927E20042B60C /* TemplateItemView.swift in Sources */,
				02FD0B742BE64CD20042B60C /* WorkspaceHomeView.swift in Sources */,
				02FD0B902BE927D40042B60C /* TemplateList.swift in Sources */,
				026B926C2BE4FE1800BCD0A7 /* GPTSpotiOSApp.swift in Sources */,
				02FD0B8D2BE8570F0042B60C /* String+Clipboard.swift in Sources */,
				02A5ED362C133FDB0037E96D /* ChatListView.swift in Sources */,
				02BA44E52C2EBDB000473575 /* ServiceModule.swift in Sources */,
			);
			runOnlyForDeploymentPostprocessing = 0;
		};
		026B92942BE4FED400BCD0A7 /* Sources */ = {
			isa = PBXSourcesBuildPhase;
			buildActionMask = 2147483647;
			files = (
				026B92D22BE5138B00BCD0A7 /* OpenAIService.swift in Sources */,
				026B92DB2BE5176200BCD0A7 /* Previewer.swift in Sources */,
				0288113C2C1531490026ED01 /* ChatRequest+Factory.swift in Sources */,
				02FD0B762BE6508E0042B60C /* RoundedCornerModifier.swift in Sources */,
				02FD0B8A2BE821AB0042B60C /* Array.swift in Sources */,
				024B1F682C1B469E00BC6007 /* Container.swift in Sources */,
				026B92D32BE5138B00BCD0A7 /* URLResponse+ErrorCode.swift in Sources */,
				0228653B2C2E269100F92B05 /* Module.swift in Sources */,
				026B92C92BE5137100BCD0A7 /* ChatViewService.swift in Sources */,
				0228653D2C2E26A600F92B05 /* DataModule.swift in Sources */,
				026B92D02BE5138600BCD0A7 /* GPTModels.swift in Sources */,
				024B1F632C18560C00BC6007 /* TemplateService.swift in Sources */,
				026B92D12BE5138600BCD0A7 /* AIServerDefaultsKeys.swift in Sources */,
				0288113A2C1516550026ED01 /* ChatCompletion.swift in Sources */,
				024B1F652C18590A00BC6007 /* ChatMessageService.swift in Sources */,
				026B929C2BE4FED400BCD0A7 /* GPTSpot_Common.docc in Sources */,
				026B92CA2BE5138100BCD0A7 /* Template.swift in Sources */,
				026B92CC2BE5138100BCD0A7 /* ChatRequest.swift in Sources */,
				0228653F2C2E26AF00F92B05 /* CommonModule.swift in Sources */,
				02A5ED342C132A3D0037E96D /* WorkspaceConfig.swift in Sources */,
				026B92CD2BE5138100BCD0A7 /* ChatMessage.swift in Sources */,
				026B92CE2BE5138100BCD0A7 /* Chunk.swift in Sources */,
			);
			runOnlyForDeploymentPostprocessing = 0;
		};
/* End PBXSourcesBuildPhase section */

/* Begin PBXTargetDependency section */
		026B929F2BE4FED400BCD0A7 /* PBXTargetDependency */ = {
			isa = PBXTargetDependency;
			target = 026B92972BE4FED400BCD0A7 /* GPTSpot-Common */;
			targetProxy = 026B929E2BE4FED400BCD0A7 /* PBXContainerItemProxy */;
		};
		026B92AB2BE4FFAF00BCD0A7 /* PBXTargetDependency */ = {
			isa = PBXTargetDependency;
			target = 026B92972BE4FED400BCD0A7 /* GPTSpot-Common */;
			targetProxy = 026B92AA2BE4FFAF00BCD0A7 /* PBXContainerItemProxy */;
		};
		029BABDC2BE5AC39008F8FB0 /* PBXTargetDependency */ = {
			isa = PBXTargetDependency;
			productRef = 029BABDB2BE5AC39008F8FB0 /* SwiftLintPlugin */;
		};
/* End PBXTargetDependency section */

/* Begin XCBuildConfiguration section */
		025AE6952B8BA521001489A3 /* Debug */ = {
			isa = XCBuildConfiguration;
			buildSettings = {
				ALWAYS_SEARCH_USER_PATHS = NO;
				ASSETCATALOG_COMPILER_GENERATE_SWIFT_ASSET_SYMBOL_EXTENSIONS = YES;
				CLANG_ANALYZER_NONNULL = YES;
				CLANG_ANALYZER_NUMBER_OBJECT_CONVERSION = YES_AGGRESSIVE;
				CLANG_CXX_LANGUAGE_STANDARD = "gnu++20";
				CLANG_ENABLE_MODULES = YES;
				CLANG_ENABLE_OBJC_ARC = YES;
				CLANG_ENABLE_OBJC_WEAK = YES;
				CLANG_WARN_BLOCK_CAPTURE_AUTORELEASING = YES;
				CLANG_WARN_BOOL_CONVERSION = YES;
				CLANG_WARN_COMMA = YES;
				CLANG_WARN_CONSTANT_CONVERSION = YES;
				CLANG_WARN_DEPRECATED_OBJC_IMPLEMENTATIONS = YES;
				CLANG_WARN_DIRECT_OBJC_ISA_USAGE = YES_ERROR;
				CLANG_WARN_DOCUMENTATION_COMMENTS = YES;
				CLANG_WARN_EMPTY_BODY = YES;
				CLANG_WARN_ENUM_CONVERSION = YES;
				CLANG_WARN_INFINITE_RECURSION = YES;
				CLANG_WARN_INT_CONVERSION = YES;
				CLANG_WARN_NON_LITERAL_NULL_CONVERSION = YES;
				CLANG_WARN_OBJC_IMPLICIT_RETAIN_SELF = YES;
				CLANG_WARN_OBJC_LITERAL_CONVERSION = YES;
				CLANG_WARN_OBJC_ROOT_CLASS = YES_ERROR;
				CLANG_WARN_QUOTED_INCLUDE_IN_FRAMEWORK_HEADER = YES;
				CLANG_WARN_RANGE_LOOP_ANALYSIS = YES;
				CLANG_WARN_STRICT_PROTOTYPES = YES;
				CLANG_WARN_SUSPICIOUS_MOVE = YES;
				CLANG_WARN_UNGUARDED_AVAILABILITY = YES_AGGRESSIVE;
				CLANG_WARN_UNREACHABLE_CODE = YES;
				CLANG_WARN__DUPLICATE_METHOD_MATCH = YES;
				COPY_PHASE_STRIP = NO;
				DEAD_CODE_STRIPPING = YES;
				DEBUG_INFORMATION_FORMAT = "dwarf-with-dsym";
				ENABLE_STRICT_OBJC_MSGSEND = YES;
				ENABLE_TESTABILITY = YES;
				ENABLE_USER_SCRIPT_SANDBOXING = NO;
				GCC_C_LANGUAGE_STANDARD = gnu17;
				GCC_DYNAMIC_NO_PIC = NO;
				GCC_NO_COMMON_BLOCKS = YES;
				GCC_OPTIMIZATION_LEVEL = 0;
				GCC_PREPROCESSOR_DEFINITIONS = (
					"DEBUG=1",
					"$(inherited)",
				);
				GCC_WARN_64_TO_32_BIT_CONVERSION = YES;
				GCC_WARN_ABOUT_RETURN_TYPE = YES_ERROR;
				GCC_WARN_UNDECLARED_SELECTOR = YES;
				GCC_WARN_UNINITIALIZED_AUTOS = YES_AGGRESSIVE;
				GCC_WARN_UNUSED_FUNCTION = YES;
				GCC_WARN_UNUSED_VARIABLE = YES;
				LOCALIZATION_PREFERS_STRING_CATALOGS = YES;
				MACOSX_DEPLOYMENT_TARGET = 14.0;
				MTL_ENABLE_DEBUG_INFO = INCLUDE_SOURCE;
				MTL_FAST_MATH = YES;
				ONLY_ACTIVE_ARCH = YES;
				SDKROOT = macosx;
				SWIFT_ACTIVE_COMPILATION_CONDITIONS = "DEBUG $(inherited)";
				SWIFT_OPTIMIZATION_LEVEL = "-Onone";
			};
			name = Debug;
		};
		025AE6962B8BA521001489A3 /* Release */ = {
			isa = XCBuildConfiguration;
			buildSettings = {
				ALWAYS_SEARCH_USER_PATHS = NO;
				ASSETCATALOG_COMPILER_GENERATE_SWIFT_ASSET_SYMBOL_EXTENSIONS = YES;
				CLANG_ANALYZER_NONNULL = YES;
				CLANG_ANALYZER_NUMBER_OBJECT_CONVERSION = YES_AGGRESSIVE;
				CLANG_CXX_LANGUAGE_STANDARD = "gnu++20";
				CLANG_ENABLE_MODULES = YES;
				CLANG_ENABLE_OBJC_ARC = YES;
				CLANG_ENABLE_OBJC_WEAK = YES;
				CLANG_WARN_BLOCK_CAPTURE_AUTORELEASING = YES;
				CLANG_WARN_BOOL_CONVERSION = YES;
				CLANG_WARN_COMMA = YES;
				CLANG_WARN_CONSTANT_CONVERSION = YES;
				CLANG_WARN_DEPRECATED_OBJC_IMPLEMENTATIONS = YES;
				CLANG_WARN_DIRECT_OBJC_ISA_USAGE = YES_ERROR;
				CLANG_WARN_DOCUMENTATION_COMMENTS = YES;
				CLANG_WARN_EMPTY_BODY = YES;
				CLANG_WARN_ENUM_CONVERSION = YES;
				CLANG_WARN_INFINITE_RECURSION = YES;
				CLANG_WARN_INT_CONVERSION = YES;
				CLANG_WARN_NON_LITERAL_NULL_CONVERSION = YES;
				CLANG_WARN_OBJC_IMPLICIT_RETAIN_SELF = YES;
				CLANG_WARN_OBJC_LITERAL_CONVERSION = YES;
				CLANG_WARN_OBJC_ROOT_CLASS = YES_ERROR;
				CLANG_WARN_QUOTED_INCLUDE_IN_FRAMEWORK_HEADER = YES;
				CLANG_WARN_RANGE_LOOP_ANALYSIS = YES;
				CLANG_WARN_STRICT_PROTOTYPES = YES;
				CLANG_WARN_SUSPICIOUS_MOVE = YES;
				CLANG_WARN_UNGUARDED_AVAILABILITY = YES_AGGRESSIVE;
				CLANG_WARN_UNREACHABLE_CODE = YES;
				CLANG_WARN__DUPLICATE_METHOD_MATCH = YES;
				COPY_PHASE_STRIP = NO;
				DEAD_CODE_STRIPPING = YES;
				DEBUG_INFORMATION_FORMAT = "dwarf-with-dsym";
				ENABLE_NS_ASSERTIONS = NO;
				ENABLE_STRICT_OBJC_MSGSEND = YES;
				ENABLE_USER_SCRIPT_SANDBOXING = NO;
				GCC_C_LANGUAGE_STANDARD = gnu17;
				GCC_NO_COMMON_BLOCKS = YES;
				GCC_WARN_64_TO_32_BIT_CONVERSION = YES;
				GCC_WARN_ABOUT_RETURN_TYPE = YES_ERROR;
				GCC_WARN_UNDECLARED_SELECTOR = YES;
				GCC_WARN_UNINITIALIZED_AUTOS = YES_AGGRESSIVE;
				GCC_WARN_UNUSED_FUNCTION = YES;
				GCC_WARN_UNUSED_VARIABLE = YES;
				LOCALIZATION_PREFERS_STRING_CATALOGS = YES;
				MACOSX_DEPLOYMENT_TARGET = 14.0;
				MTL_ENABLE_DEBUG_INFO = NO;
				MTL_FAST_MATH = YES;
				SDKROOT = macosx;
				SWIFT_COMPILATION_MODE = wholemodule;
			};
			name = Release;
		};
		025AE6982B8BA521001489A3 /* Debug */ = {
			isa = XCBuildConfiguration;
			buildSettings = {
				ALWAYS_EMBED_SWIFT_STANDARD_LIBRARIES = YES;
				ASSETCATALOG_COMPILER_APPICON_NAME = AppIcon;
				ASSETCATALOG_COMPILER_GLOBAL_ACCENT_COLOR_NAME = AccentColor;
				CODE_SIGN_ENTITLEMENTS = "GPTSpot-macOS/GPTSpot.entitlements";
				CODE_SIGN_IDENTITY = "Apple Development";
				CODE_SIGN_STYLE = Automatic;
				COMBINE_HIDPI_IMAGES = YES;
				CURRENT_PROJECT_VERSION = 1;
				DEAD_CODE_STRIPPING = YES;
				DEVELOPMENT_ASSET_PATHS = "\"GPTSpot-macOS/Preview Content\"";
				DEVELOPMENT_TEAM = 8WLC7943H8;
				ENABLE_HARDENED_RUNTIME = YES;
				ENABLE_PREVIEWS = YES;
				GENERATE_INFOPLIST_FILE = YES;
				INFOPLIST_FILE = "GPTSpot-macOS/Info.plist";
				INFOPLIST_KEY_LSApplicationCategoryType = "public.app-category.productivity";
				INFOPLIST_KEY_NSHumanReadableCopyright = "";
				LD_RUNPATH_SEARCH_PATHS = (
					"$(inherited)",
					"@executable_path/../Frameworks",
				);
				MARKETING_VERSION = 1.0;
				PRODUCT_BUNDLE_IDENTIFIER = com.seventeen.GPTSpot;
				PRODUCT_NAME = "$(TARGET_NAME)";
				PROVISIONING_PROFILE_SPECIFIER = "";
				SWIFT_EMIT_LOC_STRINGS = YES;
				SWIFT_VERSION = 5.0;
			};
			name = Debug;
		};
		025AE6992B8BA521001489A3 /* Release */ = {
			isa = XCBuildConfiguration;
			buildSettings = {
				ALWAYS_EMBED_SWIFT_STANDARD_LIBRARIES = YES;
				ASSETCATALOG_COMPILER_APPICON_NAME = AppIcon;
				ASSETCATALOG_COMPILER_GLOBAL_ACCENT_COLOR_NAME = AccentColor;
				CODE_SIGN_ENTITLEMENTS = "GPTSpot-macOS/GPTSpot.entitlements";
				CODE_SIGN_IDENTITY = "Apple Development";
				CODE_SIGN_STYLE = Automatic;
				COMBINE_HIDPI_IMAGES = YES;
				CURRENT_PROJECT_VERSION = 1;
				DEAD_CODE_STRIPPING = YES;
				DEVELOPMENT_ASSET_PATHS = "\"GPTSpot-macOS/Preview Content\"";
				DEVELOPMENT_TEAM = 8WLC7943H8;
				ENABLE_HARDENED_RUNTIME = YES;
				ENABLE_PREVIEWS = YES;
				GENERATE_INFOPLIST_FILE = YES;
				INFOPLIST_FILE = "GPTSpot-macOS/Info.plist";
				INFOPLIST_KEY_LSApplicationCategoryType = "public.app-category.productivity";
				INFOPLIST_KEY_NSHumanReadableCopyright = "";
				LD_RUNPATH_SEARCH_PATHS = (
					"$(inherited)",
					"@executable_path/../Frameworks",
				);
				MARKETING_VERSION = 1.0;
				PRODUCT_BUNDLE_IDENTIFIER = com.seventeen.GPTSpot;
				PRODUCT_NAME = "$(TARGET_NAME)";
				PROVISIONING_PROFILE_SPECIFIER = "";
				SWIFT_EMIT_LOC_STRINGS = YES;
				SWIFT_VERSION = 5.0;
			};
			name = Release;
		};
		026B928B2BE4FE1900BCD0A7 /* Debug */ = {
			isa = XCBuildConfiguration;
			buildSettings = {
				ALWAYS_EMBED_SWIFT_STANDARD_LIBRARIES = YES;
				ASSETCATALOG_COMPILER_APPICON_NAME = AppIcon;
				ASSETCATALOG_COMPILER_GLOBAL_ACCENT_COLOR_NAME = AccentColor;
				CODE_SIGN_IDENTITY = "Apple Development";
				CODE_SIGN_STYLE = Automatic;
				CURRENT_PROJECT_VERSION = 1;
				DEVELOPMENT_ASSET_PATHS = "\"GPTSpot-iOS/Preview Content\"";
				DEVELOPMENT_TEAM = 8WLC7943H8;
				ENABLE_PREVIEWS = YES;
				GENERATE_INFOPLIST_FILE = YES;
				INFOPLIST_FILE = "GPTSpot-iOS/Info.plist";
				INFOPLIST_KEY_UIApplicationSceneManifest_Generation = YES;
				INFOPLIST_KEY_UIApplicationSupportsIndirectInputEvents = YES;
				INFOPLIST_KEY_UILaunchScreen_Generation = YES;
				INFOPLIST_KEY_UISupportedInterfaceOrientations_iPad = "UIInterfaceOrientationPortrait UIInterfaceOrientationPortraitUpsideDown UIInterfaceOrientationLandscapeLeft UIInterfaceOrientationLandscapeRight";
				INFOPLIST_KEY_UISupportedInterfaceOrientations_iPhone = "UIInterfaceOrientationPortrait UIInterfaceOrientationLandscapeLeft UIInterfaceOrientationLandscapeRight";
				IPHONEOS_DEPLOYMENT_TARGET = 17.4;
				LD_RUNPATH_SEARCH_PATHS = (
					"$(inherited)",
					"@executable_path/Frameworks",
				);
				MARKETING_VERSION = 1.0;
				PRODUCT_BUNDLE_IDENTIFIER = "com.seventeen.GPTSpot-iOS";
				PRODUCT_NAME = "$(TARGET_NAME)";
				PROVISIONING_PROFILE_SPECIFIER = "";
				SDKROOT = iphoneos;
				SWIFT_EMIT_LOC_STRINGS = YES;
				SWIFT_VERSION = 5.0;
				TARGETED_DEVICE_FAMILY = "1,2";
			};
			name = Debug;
		};
		026B928C2BE4FE1900BCD0A7 /* Release */ = {
			isa = XCBuildConfiguration;
			buildSettings = {
				ALWAYS_EMBED_SWIFT_STANDARD_LIBRARIES = YES;
				ASSETCATALOG_COMPILER_APPICON_NAME = AppIcon;
				ASSETCATALOG_COMPILER_GLOBAL_ACCENT_COLOR_NAME = AccentColor;
				CODE_SIGN_IDENTITY = "Apple Development";
				CODE_SIGN_STYLE = Automatic;
				CURRENT_PROJECT_VERSION = 1;
				DEVELOPMENT_ASSET_PATHS = "\"GPTSpot-iOS/Preview Content\"";
				DEVELOPMENT_TEAM = 8WLC7943H8;
				ENABLE_PREVIEWS = YES;
				GENERATE_INFOPLIST_FILE = YES;
				INFOPLIST_FILE = "GPTSpot-iOS/Info.plist";
				INFOPLIST_KEY_UIApplicationSceneManifest_Generation = YES;
				INFOPLIST_KEY_UIApplicationSupportsIndirectInputEvents = YES;
				INFOPLIST_KEY_UILaunchScreen_Generation = YES;
				INFOPLIST_KEY_UISupportedInterfaceOrientations_iPad = "UIInterfaceOrientationPortrait UIInterfaceOrientationPortraitUpsideDown UIInterfaceOrientationLandscapeLeft UIInterfaceOrientationLandscapeRight";
				INFOPLIST_KEY_UISupportedInterfaceOrientations_iPhone = "UIInterfaceOrientationPortrait UIInterfaceOrientationLandscapeLeft UIInterfaceOrientationLandscapeRight";
				IPHONEOS_DEPLOYMENT_TARGET = 17.4;
				LD_RUNPATH_SEARCH_PATHS = (
					"$(inherited)",
					"@executable_path/Frameworks",
				);
				MARKETING_VERSION = 1.0;
				PRODUCT_BUNDLE_IDENTIFIER = "com.seventeen.GPTSpot-iOS";
				PRODUCT_NAME = "$(TARGET_NAME)";
				PROVISIONING_PROFILE_SPECIFIER = "";
				SDKROOT = iphoneos;
				SWIFT_EMIT_LOC_STRINGS = YES;
				SWIFT_VERSION = 5.0;
				TARGETED_DEVICE_FAMILY = "1,2";
				VALIDATE_PRODUCT = YES;
			};
			name = Release;
		};
		026B92A32BE4FED400BCD0A7 /* Debug */ = {
			isa = XCBuildConfiguration;
			buildSettings = {
				ALLOW_TARGET_PLATFORM_SPECIALIZATION = YES;
				BUILD_LIBRARY_FOR_DISTRIBUTION = YES;
				CODE_SIGN_IDENTITY = "Apple Development";
				CODE_SIGN_STYLE = Automatic;
				CURRENT_PROJECT_VERSION = 1;
				DEFINES_MODULE = YES;
				DEVELOPMENT_TEAM = 8WLC7943H8;
				DYLIB_COMPATIBILITY_VERSION = 1;
				DYLIB_CURRENT_VERSION = 1;
				DYLIB_INSTALL_NAME_BASE = "@rpath";
				ENABLE_MODULE_VERIFIER = YES;
				GENERATE_INFOPLIST_FILE = YES;
				INFOPLIST_KEY_NSHumanReadableCopyright = "";
				INSTALL_PATH = "$(LOCAL_LIBRARY_DIR)/Frameworks";
				IPHONEOS_DEPLOYMENT_TARGET = 17.4;
				LD_RUNPATH_SEARCH_PATHS = (
					"@executable_path/Frameworks",
					"@loader_path/Frameworks",
				);
				"LD_RUNPATH_SEARCH_PATHS[sdk=macosx*]" = (
					"@executable_path/../Frameworks",
					"@loader_path/Frameworks",
				);
				MACOSX_DEPLOYMENT_TARGET = 14.4;
				MARKETING_VERSION = 1.0;
				MODULE_VERIFIER_SUPPORTED_LANGUAGES = "objective-c objective-c++";
				MODULE_VERIFIER_SUPPORTED_LANGUAGE_STANDARDS = "gnu17 gnu++20";
				PRODUCT_BUNDLE_IDENTIFIER = "com.seventeen.GPTSpot-Common";
				PRODUCT_NAME = "$(TARGET_NAME:c99extidentifier)";
				PROVISIONING_PROFILE_SPECIFIER = "";
				SDKROOT = auto;
				SKIP_INSTALL = YES;
				SUPPORTED_PLATFORMS = "iphoneos iphonesimulator macosx";
				SWIFT_EMIT_LOC_STRINGS = YES;
				SWIFT_INSTALL_OBJC_HEADER = NO;
				SWIFT_VERSION = 5.0;
				TARGETED_DEVICE_FAMILY = "1,2";
				VERSIONING_SYSTEM = "apple-generic";
				VERSION_INFO_PREFIX = "";
			};
			name = Debug;
		};
		026B92A42BE4FED400BCD0A7 /* Release */ = {
			isa = XCBuildConfiguration;
			buildSettings = {
				ALLOW_TARGET_PLATFORM_SPECIALIZATION = YES;
				BUILD_LIBRARY_FOR_DISTRIBUTION = YES;
				CODE_SIGN_IDENTITY = "Apple Development";
				CODE_SIGN_STYLE = Automatic;
				CURRENT_PROJECT_VERSION = 1;
				DEFINES_MODULE = YES;
				DEVELOPMENT_TEAM = 8WLC7943H8;
				DYLIB_COMPATIBILITY_VERSION = 1;
				DYLIB_CURRENT_VERSION = 1;
				DYLIB_INSTALL_NAME_BASE = "@rpath";
				ENABLE_MODULE_VERIFIER = YES;
				GENERATE_INFOPLIST_FILE = YES;
				INFOPLIST_KEY_NSHumanReadableCopyright = "";
				INSTALL_PATH = "$(LOCAL_LIBRARY_DIR)/Frameworks";
				IPHONEOS_DEPLOYMENT_TARGET = 17.4;
				LD_RUNPATH_SEARCH_PATHS = (
					"@executable_path/Frameworks",
					"@loader_path/Frameworks",
				);
				"LD_RUNPATH_SEARCH_PATHS[sdk=macosx*]" = (
					"@executable_path/../Frameworks",
					"@loader_path/Frameworks",
				);
				MACOSX_DEPLOYMENT_TARGET = 14.4;
				MARKETING_VERSION = 1.0;
				MODULE_VERIFIER_SUPPORTED_LANGUAGES = "objective-c objective-c++";
				MODULE_VERIFIER_SUPPORTED_LANGUAGE_STANDARDS = "gnu17 gnu++20";
				PRODUCT_BUNDLE_IDENTIFIER = "com.seventeen.GPTSpot-Common";
				PRODUCT_NAME = "$(TARGET_NAME:c99extidentifier)";
				PROVISIONING_PROFILE_SPECIFIER = "";
				SDKROOT = auto;
				SKIP_INSTALL = YES;
				SUPPORTED_PLATFORMS = "iphoneos iphonesimulator macosx";
				SWIFT_EMIT_LOC_STRINGS = YES;
				SWIFT_INSTALL_OBJC_HEADER = NO;
				SWIFT_VERSION = 5.0;
				TARGETED_DEVICE_FAMILY = "1,2";
				VERSIONING_SYSTEM = "apple-generic";
				VERSION_INFO_PREFIX = "";
			};
			name = Release;
		};
/* End XCBuildConfiguration section */

/* Begin XCConfigurationList section */
		025AE66D2B8BA51F001489A3 /* Build configuration list for PBXProject "GPTSpot" */ = {
			isa = XCConfigurationList;
			buildConfigurations = (
				025AE6952B8BA521001489A3 /* Debug */,
				025AE6962B8BA521001489A3 /* Release */,
			);
			defaultConfigurationIsVisible = 0;
			defaultConfigurationName = Release;
		};
		025AE6972B8BA521001489A3 /* Build configuration list for PBXNativeTarget "GPTSpot-macOS" */ = {
			isa = XCConfigurationList;
			buildConfigurations = (
				025AE6982B8BA521001489A3 /* Debug */,
				025AE6992B8BA521001489A3 /* Release */,
			);
			defaultConfigurationIsVisible = 0;
			defaultConfigurationName = Release;
		};
		026B928A2BE4FE1900BCD0A7 /* Build configuration list for PBXNativeTarget "GPTSpot-iOS" */ = {
			isa = XCConfigurationList;
			buildConfigurations = (
				026B928B2BE4FE1900BCD0A7 /* Debug */,
				026B928C2BE4FE1900BCD0A7 /* Release */,
			);
			defaultConfigurationIsVisible = 0;
			defaultConfigurationName = Release;
		};
		026B92A22BE4FED400BCD0A7 /* Build configuration list for PBXNativeTarget "GPTSpot-Common" */ = {
			isa = XCConfigurationList;
			buildConfigurations = (
				026B92A32BE4FED400BCD0A7 /* Debug */,
				026B92A42BE4FED400BCD0A7 /* Release */,
			);
			defaultConfigurationIsVisible = 0;
			defaultConfigurationName = Release;
		};
/* End XCConfigurationList section */

/* Begin XCRemoteSwiftPackageReference section */
		022865332C2D7F7D00F92B05 /* XCRemoteSwiftPackageReference "swift-markdown-ui" */ = {
			isa = XCRemoteSwiftPackageReference;
			repositoryURL = "https://github.com/gonzalezreal/swift-markdown-ui";
			requirement = {
				kind = upToNextMajorVersion;
				minimumVersion = 2.3.1;
			};
		};
		029BABD92BE5AB5C008F8FB0 /* XCRemoteSwiftPackageReference "SwiftLint" */ = {
			isa = XCRemoteSwiftPackageReference;
			repositoryURL = "https://github.com/realm/SwiftLint.git";
			requirement = {
				kind = upToNextMajorVersion;
				minimumVersion = 0.54.0;
			};
		};
/* End XCRemoteSwiftPackageReference section */

/* Begin XCSwiftPackageProductDependency section */
		022865342C2D7F7D00F92B05 /* MarkdownUI */ = {
			isa = XCSwiftPackageProductDependency;
			package = 022865332C2D7F7D00F92B05 /* XCRemoteSwiftPackageReference "swift-markdown-ui" */;
			productName = MarkdownUI;
		};
		022865362C2D7F8900F92B05 /* MarkdownUI */ = {
			isa = XCSwiftPackageProductDependency;
			package = 022865332C2D7F7D00F92B05 /* XCRemoteSwiftPackageReference "swift-markdown-ui" */;
			productName = MarkdownUI;
		};
		029BABDB2BE5AC39008F8FB0 /* SwiftLintPlugin */ = {
			isa = XCSwiftPackageProductDependency;
			package = 029BABD92BE5AB5C008F8FB0 /* XCRemoteSwiftPackageReference "SwiftLint" */;
			productName = "plugin:SwiftLintPlugin";
		};
/* End XCSwiftPackageProductDependency section */
	};
	rootObject = 025AE66A2B8BA51F001489A3 /* Project object */;
}
