// !$*UTF8*$!
{
	archiveVersion = 1;
	classes = {
	};
	objectVersion = 56;
	objects = {

/* Begin PBXBuildFile section */
		0214801C2BB36F9400A9A314 /* MarkdownUI in Frameworks */ = {isa = PBXBuildFile; productRef = 0214801B2BB36F9400A9A314 /* MarkdownUI */; };
		0230ED0E2BBDEC7200C067E6 /* FocusDirection.swift in Sources */ = {isa = PBXBuildFile; fileRef = 0230ED0D2BBDEC7200C067E6 /* FocusDirection.swift */; };
		025AE6762B8BA51F001489A3 /* GPTSpotApp.swift in Sources */ = {isa = PBXBuildFile; fileRef = 025AE6752B8BA51F001489A3 /* GPTSpotApp.swift */; };
		025AE6782B8BA51F001489A3 /* ContentView.swift in Sources */ = {isa = PBXBuildFile; fileRef = 025AE6772B8BA51F001489A3 /* ContentView.swift */; };
		025AE67A2B8BA520001489A3 /* Assets.xcassets in Resources */ = {isa = PBXBuildFile; fileRef = 025AE6792B8BA520001489A3 /* Assets.xcassets */; };
		025AE67D2B8BA521001489A3 /* Preview Assets.xcassets in Resources */ = {isa = PBXBuildFile; fileRef = 025AE67C2B8BA521001489A3 /* Preview Assets.xcassets */; };
		025AE6882B8BA521001489A3 /* GPTSpotTests.swift in Sources */ = {isa = PBXBuildFile; fileRef = 025AE6872B8BA521001489A3 /* GPTSpotTests.swift */; };
		025AE6922B8BA521001489A3 /* GPTSpotUITests.swift in Sources */ = {isa = PBXBuildFile; fileRef = 025AE6912B8BA521001489A3 /* GPTSpotUITests.swift */; };
		025AE6942B8BA521001489A3 /* GPTSpotUITestsLaunchTests.swift in Sources */ = {isa = PBXBuildFile; fileRef = 025AE6932B8BA521001489A3 /* GPTSpotUITestsLaunchTests.swift */; };
		025AE6A82B8BEE51001489A3 /* OpenAIService.swift in Sources */ = {isa = PBXBuildFile; fileRef = 025AE6A52B8BEE51001489A3 /* OpenAIService.swift */; };
		025AE6AA2B8BEE51001489A3 /* ChatRequest.swift in Sources */ = {isa = PBXBuildFile; fileRef = 025AE6A72B8BEE51001489A3 /* ChatRequest.swift */; };
		025AE6AC2B8BEEB4001489A3 /* ChatView.swift in Sources */ = {isa = PBXBuildFile; fileRef = 025AE6AB2B8BEEB4001489A3 /* ChatView.swift */; };
		025AE6AE2B8BEEC3001489A3 /* ChatViewService.swift in Sources */ = {isa = PBXBuildFile; fileRef = 025AE6AD2B8BEEC3001489A3 /* ChatViewService.swift */; };
		025C7E212B8D79180060F343 /* ChatMessage.swift in Sources */ = {isa = PBXBuildFile; fileRef = 025C7E202B8D79180060F343 /* ChatMessage.swift */; };
		025C7E232B8D87820060F343 /* ChatMessageView.swift in Sources */ = {isa = PBXBuildFile; fileRef = 025C7E222B8D87820060F343 /* ChatMessageView.swift */; };
		0288BF622BB2D7180047CA09 /* TemplateStripeView.swift in Sources */ = {isa = PBXBuildFile; fileRef = 0288BF612BB2D7180047CA09 /* TemplateStripeView.swift */; };
		0288BF642BB2D7270047CA09 /* TemplateItemView.swift in Sources */ = {isa = PBXBuildFile; fileRef = 0288BF632BB2D7270047CA09 /* TemplateItemView.swift */; };
		0288BF662BB3116E0047CA09 /* Template.swift in Sources */ = {isa = PBXBuildFile; fileRef = 0288BF652BB3116E0047CA09 /* Template.swift */; };
		0288BF682BB32DF00047CA09 /* Markdown+Styling.swift in Sources */ = {isa = PBXBuildFile; fileRef = 0288BF672BB32DF00047CA09 /* Markdown+Styling.swift */; };
		028D48DA2BAA3B6C005E2FF7 /* ChatCompletion.swift in Sources */ = {isa = PBXBuildFile; fileRef = 028D48D92BAA3B6C005E2FF7 /* ChatCompletion.swift */; };
		028D48DD2BAA3CA9005E2FF7 /* KeysSettingsView.swift in Sources */ = {isa = PBXBuildFile; fileRef = 028D48DC2BAA3CA9005E2FF7 /* KeysSettingsView.swift */; };
		028D48DF2BAA3CBC005E2FF7 /* AIServerSettingsView.swift in Sources */ = {isa = PBXBuildFile; fileRef = 028D48DE2BAA3CBC005E2FF7 /* AIServerSettingsView.swift */; };
		028D48E12BAA3CC9005E2FF7 /* GeneralSettingsView.swift in Sources */ = {isa = PBXBuildFile; fileRef = 028D48E02BAA3CC9005E2FF7 /* GeneralSettingsView.swift */; };
		028D48E42BAA40F1005E2FF7 /* AIServerDefaultsKeys.swift in Sources */ = {isa = PBXBuildFile; fileRef = 028D48E32BAA40F1005E2FF7 /* AIServerDefaultsKeys.swift */; };
		028D48E62BAA40F8005E2FF7 /* GeneralSettingsDefaultsKeys.swift in Sources */ = {isa = PBXBuildFile; fileRef = 028D48E52BAA40F8005E2FF7 /* GeneralSettingsDefaultsKeys.swift */; };
		028D48E82BAA41D8005E2FF7 /* GPTModels.swift in Sources */ = {isa = PBXBuildFile; fileRef = 028D48E72BAA41D8005E2FF7 /* GPTModels.swift */; };
		029673D82BB4EC0A0054062F /* CheatSheetView.swift in Sources */ = {isa = PBXBuildFile; fileRef = 029673D72BB4EC0A0054062F /* CheatSheetView.swift */; };
		029673DF2BB8A0B80054062F /* WorkspaceIndicatorView.swift in Sources */ = {isa = PBXBuildFile; fileRef = 029673DE2BB8A0B80054062F /* WorkspaceIndicatorView.swift */; };
		029673E12BB8A4E00054062F /* StatsView.swift in Sources */ = {isa = PBXBuildFile; fileRef = 029673E02BB8A4E00054062F /* StatsView.swift */; };
		029673E32BB9D9660054062F /* String+Clipboard.swift in Sources */ = {isa = PBXBuildFile; fileRef = 029673E22BB9D9660054062F /* String+Clipboard.swift */; };
		029673E52BBA21EF0054062F /* RoundedCornerModifier.swift in Sources */ = {isa = PBXBuildFile; fileRef = 029673E42BBA21EF0054062F /* RoundedCornerModifier.swift */; };
		029673EB2BBD45750054062F /* ChatListView.swift in Sources */ = {isa = PBXBuildFile; fileRef = 029673EA2BBD45750054062F /* ChatListView.swift */; };
		02A17A202BA60AD100C26A67 /* BorderlessWindow.swift in Sources */ = {isa = PBXBuildFile; fileRef = 02A17A1F2BA60AD100C26A67 /* BorderlessWindow.swift */; };
		02A17A222BA60CD000C26A67 /* Previewer.swift in Sources */ = {isa = PBXBuildFile; fileRef = 02A17A212BA60CD000C26A67 /* Previewer.swift */; };
		02AAD1BB2B8E7AEA00ED7876 /* HotkeyAction.swift in Sources */ = {isa = PBXBuildFile; fileRef = 02AAD1BA2B8E7AEA00ED7876 /* HotkeyAction.swift */; };
		02BD90B22BA8E5480047115E /* SpotSettings.swift in Sources */ = {isa = PBXBuildFile; fileRef = 02BD90B12BA8E5480047115E /* SpotSettings.swift */; };
		02E04C432BB1D9F50074A95E /* GlobalHotKeyManager.swift in Sources */ = {isa = PBXBuildFile; fileRef = 02E04C422BB1D9F50074A95E /* GlobalHotKeyManager.swift */; };
		02FE75222BA65A0B0048A4EB /* Chunk.swift in Sources */ = {isa = PBXBuildFile; fileRef = 02FE75212BA65A0B0048A4EB /* Chunk.swift */; };
/* End PBXBuildFile section */

/* Begin PBXContainerItemProxy section */
		025AE6842B8BA521001489A3 /* PBXContainerItemProxy */ = {
			isa = PBXContainerItemProxy;
			containerPortal = 025AE66A2B8BA51F001489A3 /* Project object */;
			proxyType = 1;
			remoteGlobalIDString = 025AE6712B8BA51F001489A3;
			remoteInfo = GPTSpot;
		};
		025AE68E2B8BA521001489A3 /* PBXContainerItemProxy */ = {
			isa = PBXContainerItemProxy;
			containerPortal = 025AE66A2B8BA51F001489A3 /* Project object */;
			proxyType = 1;
			remoteGlobalIDString = 025AE6712B8BA51F001489A3;
			remoteInfo = GPTSpot;
		};
/* End PBXContainerItemProxy section */

/* Begin PBXFileReference section */
		0230ED0D2BBDEC7200C067E6 /* FocusDirection.swift */ = {isa = PBXFileReference; lastKnownFileType = sourcecode.swift; path = FocusDirection.swift; sourceTree = "<group>"; };
		025AE6722B8BA51F001489A3 /* GPTSpot.app */ = {isa = PBXFileReference; explicitFileType = wrapper.application; includeInIndex = 0; path = GPTSpot.app; sourceTree = BUILT_PRODUCTS_DIR; };
		025AE6752B8BA51F001489A3 /* GPTSpotApp.swift */ = {isa = PBXFileReference; lastKnownFileType = sourcecode.swift; path = GPTSpotApp.swift; sourceTree = "<group>"; };
		025AE6772B8BA51F001489A3 /* ContentView.swift */ = {isa = PBXFileReference; lastKnownFileType = sourcecode.swift; path = ContentView.swift; sourceTree = "<group>"; };
		025AE6792B8BA520001489A3 /* Assets.xcassets */ = {isa = PBXFileReference; lastKnownFileType = folder.assetcatalog; path = Assets.xcassets; sourceTree = "<group>"; };
		025AE67C2B8BA521001489A3 /* Preview Assets.xcassets */ = {isa = PBXFileReference; lastKnownFileType = folder.assetcatalog; path = "Preview Assets.xcassets"; sourceTree = "<group>"; };
		025AE67E2B8BA521001489A3 /* GPTSpot.entitlements */ = {isa = PBXFileReference; lastKnownFileType = text.plist.entitlements; path = GPTSpot.entitlements; sourceTree = "<group>"; };
		025AE6832B8BA521001489A3 /* GPTSpotTests.xctest */ = {isa = PBXFileReference; explicitFileType = wrapper.cfbundle; includeInIndex = 0; path = GPTSpotTests.xctest; sourceTree = BUILT_PRODUCTS_DIR; };
		025AE6872B8BA521001489A3 /* GPTSpotTests.swift */ = {isa = PBXFileReference; lastKnownFileType = sourcecode.swift; path = GPTSpotTests.swift; sourceTree = "<group>"; };
		025AE68D2B8BA521001489A3 /* GPTSpotUITests.xctest */ = {isa = PBXFileReference; explicitFileType = wrapper.cfbundle; includeInIndex = 0; path = GPTSpotUITests.xctest; sourceTree = BUILT_PRODUCTS_DIR; };
		025AE6912B8BA521001489A3 /* GPTSpotUITests.swift */ = {isa = PBXFileReference; lastKnownFileType = sourcecode.swift; path = GPTSpotUITests.swift; sourceTree = "<group>"; };
		025AE6932B8BA521001489A3 /* GPTSpotUITestsLaunchTests.swift */ = {isa = PBXFileReference; lastKnownFileType = sourcecode.swift; path = GPTSpotUITestsLaunchTests.swift; sourceTree = "<group>"; };
		025AE6A52B8BEE51001489A3 /* OpenAIService.swift */ = {isa = PBXFileReference; fileEncoding = 4; lastKnownFileType = sourcecode.swift; path = OpenAIService.swift; sourceTree = "<group>"; };
		025AE6A72B8BEE51001489A3 /* ChatRequest.swift */ = {isa = PBXFileReference; fileEncoding = 4; lastKnownFileType = sourcecode.swift; path = ChatRequest.swift; sourceTree = "<group>"; };
		025AE6AB2B8BEEB4001489A3 /* ChatView.swift */ = {isa = PBXFileReference; lastKnownFileType = sourcecode.swift; path = ChatView.swift; sourceTree = "<group>"; };
		025AE6AD2B8BEEC3001489A3 /* ChatViewService.swift */ = {isa = PBXFileReference; lastKnownFileType = sourcecode.swift; path = ChatViewService.swift; sourceTree = "<group>"; };
		025C7E202B8D79180060F343 /* ChatMessage.swift */ = {isa = PBXFileReference; lastKnownFileType = sourcecode.swift; path = ChatMessage.swift; sourceTree = "<group>"; };
		025C7E222B8D87820060F343 /* ChatMessageView.swift */ = {isa = PBXFileReference; lastKnownFileType = sourcecode.swift; path = ChatMessageView.swift; sourceTree = "<group>"; };
		0288BF612BB2D7180047CA09 /* TemplateStripeView.swift */ = {isa = PBXFileReference; lastKnownFileType = sourcecode.swift; path = TemplateStripeView.swift; sourceTree = "<group>"; };
		0288BF632BB2D7270047CA09 /* TemplateItemView.swift */ = {isa = PBXFileReference; lastKnownFileType = sourcecode.swift; path = TemplateItemView.swift; sourceTree = "<group>"; };
		0288BF652BB3116E0047CA09 /* Template.swift */ = {isa = PBXFileReference; lastKnownFileType = sourcecode.swift; path = Template.swift; sourceTree = "<group>"; };
		0288BF672BB32DF00047CA09 /* Markdown+Styling.swift */ = {isa = PBXFileReference; lastKnownFileType = sourcecode.swift; path = "Markdown+Styling.swift"; sourceTree = "<group>"; };
		028D48D92BAA3B6C005E2FF7 /* ChatCompletion.swift */ = {isa = PBXFileReference; fileEncoding = 4; lastKnownFileType = sourcecode.swift; path = ChatCompletion.swift; sourceTree = "<group>"; };
		028D48DC2BAA3CA9005E2FF7 /* KeysSettingsView.swift */ = {isa = PBXFileReference; lastKnownFileType = sourcecode.swift; path = KeysSettingsView.swift; sourceTree = "<group>"; };
		028D48DE2BAA3CBC005E2FF7 /* AIServerSettingsView.swift */ = {isa = PBXFileReference; lastKnownFileType = sourcecode.swift; path = AIServerSettingsView.swift; sourceTree = "<group>"; };
		028D48E02BAA3CC9005E2FF7 /* GeneralSettingsView.swift */ = {isa = PBXFileReference; lastKnownFileType = sourcecode.swift; path = GeneralSettingsView.swift; sourceTree = "<group>"; };
		028D48E32BAA40F1005E2FF7 /* AIServerDefaultsKeys.swift */ = {isa = PBXFileReference; lastKnownFileType = sourcecode.swift; path = AIServerDefaultsKeys.swift; sourceTree = "<group>"; };
		028D48E52BAA40F8005E2FF7 /* GeneralSettingsDefaultsKeys.swift */ = {isa = PBXFileReference; lastKnownFileType = sourcecode.swift; path = GeneralSettingsDefaultsKeys.swift; sourceTree = "<group>"; };
		028D48E72BAA41D8005E2FF7 /* GPTModels.swift */ = {isa = PBXFileReference; lastKnownFileType = sourcecode.swift; path = GPTModels.swift; sourceTree = "<group>"; };
		029673D72BB4EC0A0054062F /* CheatSheetView.swift */ = {isa = PBXFileReference; lastKnownFileType = sourcecode.swift; path = CheatSheetView.swift; sourceTree = "<group>"; };
		029673DE2BB8A0B80054062F /* WorkspaceIndicatorView.swift */ = {isa = PBXFileReference; lastKnownFileType = sourcecode.swift; path = WorkspaceIndicatorView.swift; sourceTree = "<group>"; };
		029673E02BB8A4E00054062F /* StatsView.swift */ = {isa = PBXFileReference; lastKnownFileType = sourcecode.swift; path = StatsView.swift; sourceTree = "<group>"; };
		029673E22BB9D9660054062F /* String+Clipboard.swift */ = {isa = PBXFileReference; lastKnownFileType = sourcecode.swift; path = "String+Clipboard.swift"; sourceTree = "<group>"; };
		029673E42BBA21EF0054062F /* RoundedCornerModifier.swift */ = {isa = PBXFileReference; lastKnownFileType = sourcecode.swift; path = RoundedCornerModifier.swift; sourceTree = "<group>"; };
		029673EA2BBD45750054062F /* ChatListView.swift */ = {isa = PBXFileReference; lastKnownFileType = sourcecode.swift; path = ChatListView.swift; sourceTree = "<group>"; };
		02A17A1F2BA60AD100C26A67 /* BorderlessWindow.swift */ = {isa = PBXFileReference; lastKnownFileType = sourcecode.swift; path = BorderlessWindow.swift; sourceTree = "<group>"; };
		02A17A212BA60CD000C26A67 /* Previewer.swift */ = {isa = PBXFileReference; fileEncoding = 4; lastKnownFileType = sourcecode.swift; path = Previewer.swift; sourceTree = "<group>"; };
		02AAD1BA2B8E7AEA00ED7876 /* HotkeyAction.swift */ = {isa = PBXFileReference; lastKnownFileType = sourcecode.swift; path = HotkeyAction.swift; sourceTree = "<group>"; };
		02BD90B12BA8E5480047115E /* SpotSettings.swift */ = {isa = PBXFileReference; lastKnownFileType = sourcecode.swift; path = SpotSettings.swift; sourceTree = "<group>"; };
		02E04C422BB1D9F50074A95E /* GlobalHotKeyManager.swift */ = {isa = PBXFileReference; lastKnownFileType = sourcecode.swift; path = GlobalHotKeyManager.swift; sourceTree = "<group>"; };
		02FE75212BA65A0B0048A4EB /* Chunk.swift */ = {isa = PBXFileReference; lastKnownFileType = sourcecode.swift; path = Chunk.swift; sourceTree = "<group>"; };
/* End PBXFileReference section */

/* Begin PBXFrameworksBuildPhase section */
		025AE66F2B8BA51F001489A3 /* Frameworks */ = {
			isa = PBXFrameworksBuildPhase;
			buildActionMask = 2147483647;
			files = (
				0214801C2BB36F9400A9A314 /* MarkdownUI in Frameworks */,
			);
			runOnlyForDeploymentPostprocessing = 0;
		};
		025AE6802B8BA521001489A3 /* Frameworks */ = {
			isa = PBXFrameworksBuildPhase;
			buildActionMask = 2147483647;
			files = (
			);
			runOnlyForDeploymentPostprocessing = 0;
		};
		025AE68A2B8BA521001489A3 /* Frameworks */ = {
			isa = PBXFrameworksBuildPhase;
			buildActionMask = 2147483647;
			files = (
			);
			runOnlyForDeploymentPostprocessing = 0;
		};
/* End PBXFrameworksBuildPhase section */

/* Begin PBXGroup section */
		025AE6692B8BA51F001489A3 = {
			isa = PBXGroup;
			children = (
				02C491632BA71DA800EDB446 /* Frameworks */,
				025AE6742B8BA51F001489A3 /* GPTSpot */,
				025AE6862B8BA521001489A3 /* GPTSpotTests */,
				025AE6902B8BA521001489A3 /* GPTSpotUITests */,
				025AE6732B8BA51F001489A3 /* Products */,
			);
			sourceTree = "<group>";
		};
		025AE6732B8BA51F001489A3 /* Products */ = {
			isa = PBXGroup;
			children = (
				025AE6722B8BA51F001489A3 /* GPTSpot.app */,
				025AE6832B8BA521001489A3 /* GPTSpotTests.xctest */,
				025AE68D2B8BA521001489A3 /* GPTSpotUITests.xctest */,
			);
			name = Products;
			sourceTree = "<group>";
		};
		025AE6742B8BA51F001489A3 /* GPTSpot */ = {
			isa = PBXGroup;
			children = (
				025AE67E2B8BA521001489A3 /* GPTSpot.entitlements */,
				02A17A1F2BA60AD100C26A67 /* BorderlessWindow.swift */,
				02E04C422BB1D9F50074A95E /* GlobalHotKeyManager.swift */,
				025AE6752B8BA51F001489A3 /* GPTSpotApp.swift */,
				025AE6792B8BA520001489A3 /* Assets.xcassets */,
				028D48E22BAA40C3005E2FF7 /* Defaults */,
				025C7E1B2B8D779B0060F343 /* Models */,
				025AE67B2B8BA521001489A3 /* Preview Content */,
				025C7E1C2B8D77AF0060F343 /* Services */,
				025C7E1D2B8D77CC0060F343 /* Views */,
			);
			path = GPTSpot;
			sourceTree = "<group>";
		};
		025AE67B2B8BA521001489A3 /* Preview Content */ = {
			isa = PBXGroup;
			children = (
				025AE67C2B8BA521001489A3 /* Preview Assets.xcassets */,
			);
			path = "Preview Content";
			sourceTree = "<group>";
		};
		025AE6862B8BA521001489A3 /* GPTSpotTests */ = {
			isa = PBXGroup;
			children = (
				025AE6872B8BA521001489A3 /* GPTSpotTests.swift */,
			);
			path = GPTSpotTests;
			sourceTree = "<group>";
		};
		025AE6902B8BA521001489A3 /* GPTSpotUITests */ = {
			isa = PBXGroup;
			children = (
				025AE6912B8BA521001489A3 /* GPTSpotUITests.swift */,
				025AE6932B8BA521001489A3 /* GPTSpotUITestsLaunchTests.swift */,
			);
			path = GPTSpotUITests;
			sourceTree = "<group>";
		};
		025C7E1B2B8D779B0060F343 /* Models */ = {
			isa = PBXGroup;
			children = (
				028D48D92BAA3B6C005E2FF7 /* ChatCompletion.swift */,
				025AE6A72B8BEE51001489A3 /* ChatRequest.swift */,
				025C7E202B8D79180060F343 /* ChatMessage.swift */,
				02FE75212BA65A0B0048A4EB /* Chunk.swift */,
				0288BF652BB3116E0047CA09 /* Template.swift */,
			);
			path = Models;
			sourceTree = "<group>";
		};
		025C7E1C2B8D77AF0060F343 /* Services */ = {
			isa = PBXGroup;
			children = (
				025AE6A52B8BEE51001489A3 /* OpenAIService.swift */,
			);
			path = Services;
			sourceTree = "<group>";
		};
		025C7E1D2B8D77CC0060F343 /* Views */ = {
			isa = PBXGroup;
			children = (
				029673D72BB4EC0A0054062F /* CheatSheetView.swift */,
				025AE6772B8BA51F001489A3 /* ContentView.swift */,
				0230ED0D2BBDEC7200C067E6 /* FocusDirection.swift */,
				02AAD1BA2B8E7AEA00ED7876 /* HotkeyAction.swift */,
				02A17A212BA60CD000C26A67 /* Previewer.swift */,
				029673E02BB8A4E00054062F /* StatsView.swift */,
				029673DE2BB8A0B80054062F /* WorkspaceIndicatorView.swift */,
				025C7E1E2B8D77D00060F343 /* ChatView */,
				029673DB2BB894650054062F /* Extensions */,
				028D48DB2BAA3C8E005E2FF7 /* Settings */,
				0288BF602BB2D6C20047CA09 /* Templates */,
			);
			path = Views;
			sourceTree = "<group>";
		};
		025C7E1E2B8D77D00060F343 /* ChatView */ = {
			isa = PBXGroup;
			children = (
				025C7E222B8D87820060F343 /* ChatMessageView.swift */,
				025AE6AB2B8BEEB4001489A3 /* ChatView.swift */,
				025AE6AD2B8BEEC3001489A3 /* ChatViewService.swift */,
				029673EA2BBD45750054062F /* ChatListView.swift */,
			);
			path = ChatView;
			sourceTree = "<group>";
		};
		0288BF602BB2D6C20047CA09 /* Templates */ = {
			isa = PBXGroup;
			children = (
				0288BF612BB2D7180047CA09 /* TemplateStripeView.swift */,
				0288BF632BB2D7270047CA09 /* TemplateItemView.swift */,
			);
			path = Templates;
			sourceTree = "<group>";
		};
		028D48DB2BAA3C8E005E2FF7 /* Settings */ = {
			isa = PBXGroup;
			children = (
				02BD90B12BA8E5480047115E /* SpotSettings.swift */,
				028D48DC2BAA3CA9005E2FF7 /* KeysSettingsView.swift */,
				028D48DE2BAA3CBC005E2FF7 /* AIServerSettingsView.swift */,
				028D48E02BAA3CC9005E2FF7 /* GeneralSettingsView.swift */,
			);
			path = Settings;
			sourceTree = "<group>";
		};
		028D48E22BAA40C3005E2FF7 /* Defaults */ = {
			isa = PBXGroup;
			children = (
				028D48E32BAA40F1005E2FF7 /* AIServerDefaultsKeys.swift */,
				028D48E52BAA40F8005E2FF7 /* GeneralSettingsDefaultsKeys.swift */,
				028D48E72BAA41D8005E2FF7 /* GPTModels.swift */,
			);
			path = Defaults;
			sourceTree = "<group>";
		};
		029673DB2BB894650054062F /* Extensions */ = {
			isa = PBXGroup;
			children = (
				0288BF672BB32DF00047CA09 /* Markdown+Styling.swift */,
				029673E22BB9D9660054062F /* String+Clipboard.swift */,
				029673E42BBA21EF0054062F /* RoundedCornerModifier.swift */,
			);
			path = Extensions;
			sourceTree = "<group>";
		};
		02C491632BA71DA800EDB446 /* Frameworks */ = {
			isa = PBXGroup;
			children = (
			);
			name = Frameworks;
			sourceTree = "<group>";
		};
/* End PBXGroup section */

/* Begin PBXNativeTarget section */
		025AE6712B8BA51F001489A3 /* GPTSpot */ = {
			isa = PBXNativeTarget;
			buildConfigurationList = 025AE6972B8BA521001489A3 /* Build configuration list for PBXNativeTarget "GPTSpot" */;
			buildPhases = (
				025AE66E2B8BA51F001489A3 /* Sources */,
				025AE66F2B8BA51F001489A3 /* Frameworks */,
				025AE6702B8BA51F001489A3 /* Resources */,
			);
			buildRules = (
			);
			dependencies = (
			);
			name = GPTSpot;
			packageProductDependencies = (
				0214801B2BB36F9400A9A314 /* MarkdownUI */,
			);
			productName = GPTSpot;
			productReference = 025AE6722B8BA51F001489A3 /* GPTSpot.app */;
			productType = "com.apple.product-type.application";
		};
		025AE6822B8BA521001489A3 /* GPTSpotTests */ = {
			isa = PBXNativeTarget;
			buildConfigurationList = 025AE69A2B8BA521001489A3 /* Build configuration list for PBXNativeTarget "GPTSpotTests" */;
			buildPhases = (
				025AE67F2B8BA521001489A3 /* Sources */,
				025AE6802B8BA521001489A3 /* Frameworks */,
				025AE6812B8BA521001489A3 /* Resources */,
			);
			buildRules = (
			);
			dependencies = (
				025AE6852B8BA521001489A3 /* PBXTargetDependency */,
			);
			name = GPTSpotTests;
			productName = GPTSpotTests;
			productReference = 025AE6832B8BA521001489A3 /* GPTSpotTests.xctest */;
			productType = "com.apple.product-type.bundle.unit-test";
		};
		025AE68C2B8BA521001489A3 /* GPTSpotUITests */ = {
			isa = PBXNativeTarget;
			buildConfigurationList = 025AE69D2B8BA521001489A3 /* Build configuration list for PBXNativeTarget "GPTSpotUITests" */;
			buildPhases = (
				025AE6892B8BA521001489A3 /* Sources */,
				025AE68A2B8BA521001489A3 /* Frameworks */,
				025AE68B2B8BA521001489A3 /* Resources */,
			);
			buildRules = (
			);
			dependencies = (
				025AE68F2B8BA521001489A3 /* PBXTargetDependency */,
			);
			name = GPTSpotUITests;
			productName = GPTSpotUITests;
			productReference = 025AE68D2B8BA521001489A3 /* GPTSpotUITests.xctest */;
			productType = "com.apple.product-type.bundle.ui-testing";
		};
/* End PBXNativeTarget section */

/* Begin PBXProject section */
		025AE66A2B8BA51F001489A3 /* Project object */ = {
			isa = PBXProject;
			attributes = {
				BuildIndependentTargetsInParallel = 1;
				LastSwiftUpdateCheck = 1520;
				LastUpgradeCheck = 1530;
				TargetAttributes = {
					025AE6712B8BA51F001489A3 = {
						CreatedOnToolsVersion = 15.2;
					};
					025AE6822B8BA521001489A3 = {
						CreatedOnToolsVersion = 15.2;
						TestTargetID = 025AE6712B8BA51F001489A3;
					};
					025AE68C2B8BA521001489A3 = {
						CreatedOnToolsVersion = 15.2;
						TestTargetID = 025AE6712B8BA51F001489A3;
					};
				};
			};
			buildConfigurationList = 025AE66D2B8BA51F001489A3 /* Build configuration list for PBXProject "GPTSpot" */;
			compatibilityVersion = "Xcode 14.0";
			developmentRegion = en;
			hasScannedForEncodings = 0;
			knownRegions = (
				en,
				Base,
			);
			mainGroup = 025AE6692B8BA51F001489A3;
			packageReferences = (
				0214801A2BB36F8A00A9A314 /* XCRemoteSwiftPackageReference "swift-markdown-ui" */,
			);
			productRefGroup = 025AE6732B8BA51F001489A3 /* Products */;
			projectDirPath = "";
			projectRoot = "";
			targets = (
				025AE6712B8BA51F001489A3 /* GPTSpot */,
				025AE6822B8BA521001489A3 /* GPTSpotTests */,
				025AE68C2B8BA521001489A3 /* GPTSpotUITests */,
			);
		};
/* End PBXProject section */

/* Begin PBXResourcesBuildPhase section */
		025AE6702B8BA51F001489A3 /* Resources */ = {
			isa = PBXResourcesBuildPhase;
			buildActionMask = 2147483647;
			files = (
				025AE67D2B8BA521001489A3 /* Preview Assets.xcassets in Resources */,
				025AE67A2B8BA520001489A3 /* Assets.xcassets in Resources */,
			);
			runOnlyForDeploymentPostprocessing = 0;
		};
		025AE6812B8BA521001489A3 /* Resources */ = {
			isa = PBXResourcesBuildPhase;
			buildActionMask = 2147483647;
			files = (
			);
			runOnlyForDeploymentPostprocessing = 0;
		};
		025AE68B2B8BA521001489A3 /* Resources */ = {
			isa = PBXResourcesBuildPhase;
			buildActionMask = 2147483647;
			files = (
			);
			runOnlyForDeploymentPostprocessing = 0;
		};
/* End PBXResourcesBuildPhase section */

/* Begin PBXSourcesBuildPhase section */
		025AE66E2B8BA51F001489A3 /* Sources */ = {
			isa = PBXSourcesBuildPhase;
			buildActionMask = 2147483647;
			files = (
				025C7E232B8D87820060F343 /* ChatMessageView.swift in Sources */,
				025AE6AA2B8BEE51001489A3 /* ChatRequest.swift in Sources */,
				02A17A202BA60AD100C26A67 /* BorderlessWindow.swift in Sources */,
				02BD90B22BA8E5480047115E /* SpotSettings.swift in Sources */,
				02E04C432BB1D9F50074A95E /* GlobalHotKeyManager.swift in Sources */,
				028D48E82BAA41D8005E2FF7 /* GPTModels.swift in Sources */,
				0230ED0E2BBDEC7200C067E6 /* FocusDirection.swift in Sources */,
				025AE6AE2B8BEEC3001489A3 /* ChatViewService.swift in Sources */,
				029673EB2BBD45750054062F /* ChatListView.swift in Sources */,
				0288BF682BB32DF00047CA09 /* Markdown+Styling.swift in Sources */,
				0288BF642BB2D7270047CA09 /* TemplateItemView.swift in Sources */,
				025AE6782B8BA51F001489A3 /* ContentView.swift in Sources */,
				025C7E212B8D79180060F343 /* ChatMessage.swift in Sources */,
				029673E52BBA21EF0054062F /* RoundedCornerModifier.swift in Sources */,
				02A17A222BA60CD000C26A67 /* Previewer.swift in Sources */,
				028D48DA2BAA3B6C005E2FF7 /* ChatCompletion.swift in Sources */,
				0288BF622BB2D7180047CA09 /* TemplateStripeView.swift in Sources */,
				029673DF2BB8A0B80054062F /* WorkspaceIndicatorView.swift in Sources */,
				029673E12BB8A4E00054062F /* StatsView.swift in Sources */,
				02AAD1BB2B8E7AEA00ED7876 /* HotkeyAction.swift in Sources */,
				028D48E62BAA40F8005E2FF7 /* GeneralSettingsDefaultsKeys.swift in Sources */,
				029673D82BB4EC0A0054062F /* CheatSheetView.swift in Sources */,
				0288BF662BB3116E0047CA09 /* Template.swift in Sources */,
				028D48E12BAA3CC9005E2FF7 /* GeneralSettingsView.swift in Sources */,
				025AE6762B8BA51F001489A3 /* GPTSpotApp.swift in Sources */,
				025AE6AC2B8BEEB4001489A3 /* ChatView.swift in Sources */,
				028D48E42BAA40F1005E2FF7 /* AIServerDefaultsKeys.swift in Sources */,
				028D48DF2BAA3CBC005E2FF7 /* AIServerSettingsView.swift in Sources */,
				025AE6A82B8BEE51001489A3 /* OpenAIService.swift in Sources */,
				028D48DD2BAA3CA9005E2FF7 /* KeysSettingsView.swift in Sources */,
				029673E32BB9D9660054062F /* String+Clipboard.swift in Sources */,
				02FE75222BA65A0B0048A4EB /* Chunk.swift in Sources */,
			);
			runOnlyForDeploymentPostprocessing = 0;
		};
		025AE67F2B8BA521001489A3 /* Sources */ = {
			isa = PBXSourcesBuildPhase;
			buildActionMask = 2147483647;
			files = (
				025AE6882B8BA521001489A3 /* GPTSpotTests.swift in Sources */,
			);
			runOnlyForDeploymentPostprocessing = 0;
		};
		025AE6892B8BA521001489A3 /* Sources */ = {
			isa = PBXSourcesBuildPhase;
			buildActionMask = 2147483647;
			files = (
				025AE6942B8BA521001489A3 /* GPTSpotUITestsLaunchTests.swift in Sources */,
				025AE6922B8BA521001489A3 /* GPTSpotUITests.swift in Sources */,
			);
			runOnlyForDeploymentPostprocessing = 0;
		};
/* End PBXSourcesBuildPhase section */

/* Begin PBXTargetDependency section */
		025AE6852B8BA521001489A3 /* PBXTargetDependency */ = {
			isa = PBXTargetDependency;
			target = 025AE6712B8BA51F001489A3 /* GPTSpot */;
			targetProxy = 025AE6842B8BA521001489A3 /* PBXContainerItemProxy */;
		};
		025AE68F2B8BA521001489A3 /* PBXTargetDependency */ = {
			isa = PBXTargetDependency;
			target = 025AE6712B8BA51F001489A3 /* GPTSpot */;
			targetProxy = 025AE68E2B8BA521001489A3 /* PBXContainerItemProxy */;
		};
/* End PBXTargetDependency section */

/* Begin XCBuildConfiguration section */
		025AE6952B8BA521001489A3 /* Debug */ = {
			isa = XCBuildConfiguration;
			buildSettings = {
				ALWAYS_SEARCH_USER_PATHS = NO;
				ASSETCATALOG_COMPILER_GENERATE_SWIFT_ASSET_SYMBOL_EXTENSIONS = YES;
				CLANG_ANALYZER_NONNULL = YES;
				CLANG_ANALYZER_NUMBER_OBJECT_CONVERSION = YES_AGGRESSIVE;
				CLANG_CXX_LANGUAGE_STANDARD = "gnu++20";
				CLANG_ENABLE_MODULES = YES;
				CLANG_ENABLE_OBJC_ARC = YES;
				CLANG_ENABLE_OBJC_WEAK = YES;
				CLANG_WARN_BLOCK_CAPTURE_AUTORELEASING = YES;
				CLANG_WARN_BOOL_CONVERSION = YES;
				CLANG_WARN_COMMA = YES;
				CLANG_WARN_CONSTANT_CONVERSION = YES;
				CLANG_WARN_DEPRECATED_OBJC_IMPLEMENTATIONS = YES;
				CLANG_WARN_DIRECT_OBJC_ISA_USAGE = YES_ERROR;
				CLANG_WARN_DOCUMENTATION_COMMENTS = YES;
				CLANG_WARN_EMPTY_BODY = YES;
				CLANG_WARN_ENUM_CONVERSION = YES;
				CLANG_WARN_INFINITE_RECURSION = YES;
				CLANG_WARN_INT_CONVERSION = YES;
				CLANG_WARN_NON_LITERAL_NULL_CONVERSION = YES;
				CLANG_WARN_OBJC_IMPLICIT_RETAIN_SELF = YES;
				CLANG_WARN_OBJC_LITERAL_CONVERSION = YES;
				CLANG_WARN_OBJC_ROOT_CLASS = YES_ERROR;
				CLANG_WARN_QUOTED_INCLUDE_IN_FRAMEWORK_HEADER = YES;
				CLANG_WARN_RANGE_LOOP_ANALYSIS = YES;
				CLANG_WARN_STRICT_PROTOTYPES = YES;
				CLANG_WARN_SUSPICIOUS_MOVE = YES;
				CLANG_WARN_UNGUARDED_AVAILABILITY = YES_AGGRESSIVE;
				CLANG_WARN_UNREACHABLE_CODE = YES;
				CLANG_WARN__DUPLICATE_METHOD_MATCH = YES;
				COPY_PHASE_STRIP = NO;
				DEAD_CODE_STRIPPING = YES;
				DEBUG_INFORMATION_FORMAT = dwarf;
				ENABLE_STRICT_OBJC_MSGSEND = YES;
				ENABLE_TESTABILITY = YES;
				ENABLE_USER_SCRIPT_SANDBOXING = YES;
				GCC_C_LANGUAGE_STANDARD = gnu17;
				GCC_DYNAMIC_NO_PIC = NO;
				GCC_NO_COMMON_BLOCKS = YES;
				GCC_OPTIMIZATION_LEVEL = 0;
				GCC_PREPROCESSOR_DEFINITIONS = (
					"DEBUG=1",
					"$(inherited)",
				);
				GCC_WARN_64_TO_32_BIT_CONVERSION = YES;
				GCC_WARN_ABOUT_RETURN_TYPE = YES_ERROR;
				GCC_WARN_UNDECLARED_SELECTOR = YES;
				GCC_WARN_UNINITIALIZED_AUTOS = YES_AGGRESSIVE;
				GCC_WARN_UNUSED_FUNCTION = YES;
				GCC_WARN_UNUSED_VARIABLE = YES;
				LOCALIZATION_PREFERS_STRING_CATALOGS = YES;
				MACOSX_DEPLOYMENT_TARGET = 14.0;
				MTL_ENABLE_DEBUG_INFO = INCLUDE_SOURCE;
				MTL_FAST_MATH = YES;
				ONLY_ACTIVE_ARCH = YES;
				SDKROOT = macosx;
				SWIFT_ACTIVE_COMPILATION_CONDITIONS = "DEBUG $(inherited)";
				SWIFT_OPTIMIZATION_LEVEL = "-Onone";
			};
			name = Debug;
		};
		025AE6962B8BA521001489A3 /* Release */ = {
			isa = XCBuildConfiguration;
			buildSettings = {
				ALWAYS_SEARCH_USER_PATHS = NO;
				ASSETCATALOG_COMPILER_GENERATE_SWIFT_ASSET_SYMBOL_EXTENSIONS = YES;
				CLANG_ANALYZER_NONNULL = YES;
				CLANG_ANALYZER_NUMBER_OBJECT_CONVERSION = YES_AGGRESSIVE;
				CLANG_CXX_LANGUAGE_STANDARD = "gnu++20";
				CLANG_ENABLE_MODULES = YES;
				CLANG_ENABLE_OBJC_ARC = YES;
				CLANG_ENABLE_OBJC_WEAK = YES;
				CLANG_WARN_BLOCK_CAPTURE_AUTORELEASING = YES;
				CLANG_WARN_BOOL_CONVERSION = YES;
				CLANG_WARN_COMMA = YES;
				CLANG_WARN_CONSTANT_CONVERSION = YES;
				CLANG_WARN_DEPRECATED_OBJC_IMPLEMENTATIONS = YES;
				CLANG_WARN_DIRECT_OBJC_ISA_USAGE = YES_ERROR;
				CLANG_WARN_DOCUMENTATION_COMMENTS = YES;
				CLANG_WARN_EMPTY_BODY = YES;
				CLANG_WARN_ENUM_CONVERSION = YES;
				CLANG_WARN_INFINITE_RECURSION = YES;
				CLANG_WARN_INT_CONVERSION = YES;
				CLANG_WARN_NON_LITERAL_NULL_CONVERSION = YES;
				CLANG_WARN_OBJC_IMPLICIT_RETAIN_SELF = YES;
				CLANG_WARN_OBJC_LITERAL_CONVERSION = YES;
				CLANG_WARN_OBJC_ROOT_CLASS = YES_ERROR;
				CLANG_WARN_QUOTED_INCLUDE_IN_FRAMEWORK_HEADER = YES;
				CLANG_WARN_RANGE_LOOP_ANALYSIS = YES;
				CLANG_WARN_STRICT_PROTOTYPES = YES;
				CLANG_WARN_SUSPICIOUS_MOVE = YES;
				CLANG_WARN_UNGUARDED_AVAILABILITY = YES_AGGRESSIVE;
				CLANG_WARN_UNREACHABLE_CODE = YES;
				CLANG_WARN__DUPLICATE_METHOD_MATCH = YES;
				COPY_PHASE_STRIP = NO;
				DEAD_CODE_STRIPPING = YES;
				DEBUG_INFORMATION_FORMAT = "dwarf-with-dsym";
				ENABLE_NS_ASSERTIONS = NO;
				ENABLE_STRICT_OBJC_MSGSEND = YES;
				ENABLE_USER_SCRIPT_SANDBOXING = YES;
				GCC_C_LANGUAGE_STANDARD = gnu17;
				GCC_NO_COMMON_BLOCKS = YES;
				GCC_WARN_64_TO_32_BIT_CONVERSION = YES;
				GCC_WARN_ABOUT_RETURN_TYPE = YES_ERROR;
				GCC_WARN_UNDECLARED_SELECTOR = YES;
				GCC_WARN_UNINITIALIZED_AUTOS = YES_AGGRESSIVE;
				GCC_WARN_UNUSED_FUNCTION = YES;
				GCC_WARN_UNUSED_VARIABLE = YES;
				LOCALIZATION_PREFERS_STRING_CATALOGS = YES;
				MACOSX_DEPLOYMENT_TARGET = 14.0;
				MTL_ENABLE_DEBUG_INFO = NO;
				MTL_FAST_MATH = YES;
				SDKROOT = macosx;
				SWIFT_COMPILATION_MODE = wholemodule;
			};
			name = Release;
		};
		025AE6982B8BA521001489A3 /* Debug */ = {
			isa = XCBuildConfiguration;
			buildSettings = {
				ASSETCATALOG_COMPILER_APPICON_NAME = AppIcon;
				ASSETCATALOG_COMPILER_GLOBAL_ACCENT_COLOR_NAME = AccentColor;
				CODE_SIGN_ENTITLEMENTS = GPTSpot/GPTSpot.entitlements;
				CODE_SIGN_STYLE = Automatic;
				COMBINE_HIDPI_IMAGES = YES;
				CURRENT_PROJECT_VERSION = 1;
				DEAD_CODE_STRIPPING = YES;
				DEVELOPMENT_ASSET_PATHS = "\"GPTSpot/Preview Content\"";
				DEVELOPMENT_TEAM = 8WLC7943H8;
				ENABLE_HARDENED_RUNTIME = YES;
				ENABLE_PREVIEWS = YES;
				GENERATE_INFOPLIST_FILE = YES;
				INFOPLIST_FILE = GPTSpot/Info.plist;
				INFOPLIST_KEY_LSApplicationCategoryType = "public.app-category.productivity";
				INFOPLIST_KEY_NSHumanReadableCopyright = "";
				LD_RUNPATH_SEARCH_PATHS = (
					"$(inherited)",
					"@executable_path/../Frameworks",
				);
				MARKETING_VERSION = 1.0;
				PRODUCT_BUNDLE_IDENTIFIER = com.seventeen.GPTSpot;
				PRODUCT_NAME = "$(TARGET_NAME)";
				SWIFT_EMIT_LOC_STRINGS = YES;
				SWIFT_VERSION = 5.0;
			};
			name = Debug;
		};
		025AE6992B8BA521001489A3 /* Release */ = {
			isa = XCBuildConfiguration;
			buildSettings = {
				ASSETCATALOG_COMPILER_APPICON_NAME = AppIcon;
				ASSETCATALOG_COMPILER_GLOBAL_ACCENT_COLOR_NAME = AccentColor;
				CODE_SIGN_ENTITLEMENTS = GPTSpot/GPTSpot.entitlements;
				CODE_SIGN_STYLE = Automatic;
				COMBINE_HIDPI_IMAGES = YES;
				CURRENT_PROJECT_VERSION = 1;
				DEAD_CODE_STRIPPING = YES;
				DEVELOPMENT_ASSET_PATHS = "\"GPTSpot/Preview Content\"";
				DEVELOPMENT_TEAM = 8WLC7943H8;
				ENABLE_HARDENED_RUNTIME = YES;
				ENABLE_PREVIEWS = YES;
				GENERATE_INFOPLIST_FILE = YES;
				INFOPLIST_FILE = GPTSpot/Info.plist;
				INFOPLIST_KEY_LSApplicationCategoryType = "public.app-category.productivity";
				INFOPLIST_KEY_NSHumanReadableCopyright = "";
				LD_RUNPATH_SEARCH_PATHS = (
					"$(inherited)",
					"@executable_path/../Frameworks",
				);
				MARKETING_VERSION = 1.0;
				PRODUCT_BUNDLE_IDENTIFIER = com.seventeen.GPTSpot;
				PRODUCT_NAME = "$(TARGET_NAME)";
				SWIFT_EMIT_LOC_STRINGS = YES;
				SWIFT_VERSION = 5.0;
			};
			name = Release;
		};
		025AE69B2B8BA521001489A3 /* Debug */ = {
			isa = XCBuildConfiguration;
			buildSettings = {
				ALWAYS_EMBED_SWIFT_STANDARD_LIBRARIES = YES;
				BUNDLE_LOADER = "$(TEST_HOST)";
				CODE_SIGN_STYLE = Automatic;
				CURRENT_PROJECT_VERSION = 1;
				DEAD_CODE_STRIPPING = YES;
				DEVELOPMENT_TEAM = 8WLC7943H8;
				GENERATE_INFOPLIST_FILE = YES;
				MACOSX_DEPLOYMENT_TARGET = 14.0;
				MARKETING_VERSION = 1.0;
				PRODUCT_BUNDLE_IDENTIFIER = com.seventeen.GPTSpotTests;
				PRODUCT_NAME = "$(TARGET_NAME)";
				SWIFT_EMIT_LOC_STRINGS = NO;
				SWIFT_VERSION = 5.0;
				TEST_HOST = "$(BUILT_PRODUCTS_DIR)/GPTSpot.app/$(BUNDLE_EXECUTABLE_FOLDER_PATH)/GPTSpot";
			};
			name = Debug;
		};
		025AE69C2B8BA521001489A3 /* Release */ = {
			isa = XCBuildConfiguration;
			buildSettings = {
				ALWAYS_EMBED_SWIFT_STANDARD_LIBRARIES = YES;
				BUNDLE_LOADER = "$(TEST_HOST)";
				CODE_SIGN_STYLE = Automatic;
				CURRENT_PROJECT_VERSION = 1;
				DEAD_CODE_STRIPPING = YES;
				DEVELOPMENT_TEAM = 8WLC7943H8;
				GENERATE_INFOPLIST_FILE = YES;
				MACOSX_DEPLOYMENT_TARGET = 14.0;
				MARKETING_VERSION = 1.0;
				PRODUCT_BUNDLE_IDENTIFIER = com.seventeen.GPTSpotTests;
				PRODUCT_NAME = "$(TARGET_NAME)";
				SWIFT_EMIT_LOC_STRINGS = NO;
				SWIFT_VERSION = 5.0;
				TEST_HOST = "$(BUILT_PRODUCTS_DIR)/GPTSpot.app/$(BUNDLE_EXECUTABLE_FOLDER_PATH)/GPTSpot";
			};
			name = Release;
		};
		025AE69E2B8BA521001489A3 /* Debug */ = {
			isa = XCBuildConfiguration;
			buildSettings = {
				ALWAYS_EMBED_SWIFT_STANDARD_LIBRARIES = YES;
				CODE_SIGN_STYLE = Automatic;
				CURRENT_PROJECT_VERSION = 1;
				DEAD_CODE_STRIPPING = YES;
				DEVELOPMENT_TEAM = 8WLC7943H8;
				GENERATE_INFOPLIST_FILE = YES;
				MARKETING_VERSION = 1.0;
				PRODUCT_BUNDLE_IDENTIFIER = com.seventeen.GPTSpotUITests;
				PRODUCT_NAME = "$(TARGET_NAME)";
				SWIFT_EMIT_LOC_STRINGS = NO;
				SWIFT_VERSION = 5.0;
				TEST_TARGET_NAME = GPTSpot;
			};
			name = Debug;
		};
		025AE69F2B8BA521001489A3 /* Release */ = {
			isa = XCBuildConfiguration;
			buildSettings = {
				ALWAYS_EMBED_SWIFT_STANDARD_LIBRARIES = YES;
				CODE_SIGN_STYLE = Automatic;
				CURRENT_PROJECT_VERSION = 1;
				DEAD_CODE_STRIPPING = YES;
				DEVELOPMENT_TEAM = 8WLC7943H8;
				GENERATE_INFOPLIST_FILE = YES;
				MARKETING_VERSION = 1.0;
				PRODUCT_BUNDLE_IDENTIFIER = com.seventeen.GPTSpotUITests;
				PRODUCT_NAME = "$(TARGET_NAME)";
				SWIFT_EMIT_LOC_STRINGS = NO;
				SWIFT_VERSION = 5.0;
				TEST_TARGET_NAME = GPTSpot;
			};
			name = Release;
		};
/* End XCBuildConfiguration section */

/* Begin XCConfigurationList section */
		025AE66D2B8BA51F001489A3 /* Build configuration list for PBXProject "GPTSpot" */ = {
			isa = XCConfigurationList;
			buildConfigurations = (
				025AE6952B8BA521001489A3 /* Debug */,
				025AE6962B8BA521001489A3 /* Release */,
			);
			defaultConfigurationIsVisible = 0;
			defaultConfigurationName = Release;
		};
		025AE6972B8BA521001489A3 /* Build configuration list for PBXNativeTarget "GPTSpot" */ = {
			isa = XCConfigurationList;
			buildConfigurations = (
				025AE6982B8BA521001489A3 /* Debug */,
				025AE6992B8BA521001489A3 /* Release */,
			);
			defaultConfigurationIsVisible = 0;
			defaultConfigurationName = Release;
		};
		025AE69A2B8BA521001489A3 /* Build configuration list for PBXNativeTarget "GPTSpotTests" */ = {
			isa = XCConfigurationList;
			buildConfigurations = (
				025AE69B2B8BA521001489A3 /* Debug */,
				025AE69C2B8BA521001489A3 /* Release */,
			);
			defaultConfigurationIsVisible = 0;
			defaultConfigurationName = Release;
		};
		025AE69D2B8BA521001489A3 /* Build configuration list for PBXNativeTarget "GPTSpotUITests" */ = {
			isa = XCConfigurationList;
			buildConfigurations = (
				025AE69E2B8BA521001489A3 /* Debug */,
				025AE69F2B8BA521001489A3 /* Release */,
			);
			defaultConfigurationIsVisible = 0;
			defaultConfigurationName = Release;
		};
/* End XCConfigurationList section */

/* Begin XCRemoteSwiftPackageReference section */
		0214801A2BB36F8A00A9A314 /* XCRemoteSwiftPackageReference "swift-markdown-ui" */ = {
			isa = XCRemoteSwiftPackageReference;
			repositoryURL = "https://github.com/gonzalezreal/swift-markdown-ui";
			requirement = {
				kind = upToNextMajorVersion;
				minimumVersion = 2.3.0;
			};
		};
/* End XCRemoteSwiftPackageReference section */

/* Begin XCSwiftPackageProductDependency section */
		0214801B2BB36F9400A9A314 /* MarkdownUI */ = {
			isa = XCSwiftPackageProductDependency;
			package = 0214801A2BB36F8A00A9A314 /* XCRemoteSwiftPackageReference "swift-markdown-ui" */;
			productName = MarkdownUI;
		};
/* End XCSwiftPackageProductDependency section */
	};
	rootObject = 025AE66A2B8BA51F001489A3 /* Project object */;
}
